// !$*UTF8*$!
{
	archiveVersion = 1;
	classes = {
	};
	objectVersion = 55;
	objects = {

/* Begin PBXBuildFile section */
		67203B0727F5572F001A0CBF /* Validation.swift in Sources */ = {isa = PBXBuildFile; fileRef = 67203B0627F5572F001A0CBF /* Validation.swift */; };
		67203B4C27F56447001A0CBF /* LoginViewController.swift in Sources */ = {isa = PBXBuildFile; fileRef = 67203B4B27F56447001A0CBF /* LoginViewController.swift */; };
		67203B4E27F564EB001A0CBF /* LoginViewModel.swift in Sources */ = {isa = PBXBuildFile; fileRef = 67203B4D27F564EB001A0CBF /* LoginViewModel.swift */; };
		67203B5027F56620001A0CBF /* LoginRouter.swift in Sources */ = {isa = PBXBuildFile; fileRef = 67203B4F27F56620001A0CBF /* LoginRouter.swift */; };
		67203B5227F56679001A0CBF /* LoginRoute.swift in Sources */ = {isa = PBXBuildFile; fileRef = 67203B5127F56679001A0CBF /* LoginRoute.swift */; };
		67203B5E27F56997001A0CBF /* RegisterViewModel.swift in Sources */ = {isa = PBXBuildFile; fileRef = 67203B5A27F56997001A0CBF /* RegisterViewModel.swift */; };
		67203B5F27F56997001A0CBF /* RegisterViewController.swift in Sources */ = {isa = PBXBuildFile; fileRef = 67203B5B27F56997001A0CBF /* RegisterViewController.swift */; };
		67203B6027F56997001A0CBF /* RegisterRoute.swift in Sources */ = {isa = PBXBuildFile; fileRef = 67203B5C27F56997001A0CBF /* RegisterRoute.swift */; };
		67203B6127F56997001A0CBF /* RegisterRouter.swift in Sources */ = {isa = PBXBuildFile; fileRef = 67203B5D27F56997001A0CBF /* RegisterRouter.swift */; };
		67326B9B27EC4C4A008BCF71 /* DetailRouter.swift in Sources */ = {isa = PBXBuildFile; fileRef = 67326B9827EC4C4A008BCF71 /* DetailRouter.swift */; };
		67326B9C27EC4C4A008BCF71 /* DetailViewController.swift in Sources */ = {isa = PBXBuildFile; fileRef = 67326B9927EC4C4A008BCF71 /* DetailViewController.swift */; };
		67326B9D27EC4C4A008BCF71 /* DetailViewModel.swift in Sources */ = {isa = PBXBuildFile; fileRef = 67326B9A27EC4C4A008BCF71 /* DetailViewModel.swift */; };
		67326BA227EC62E9008BCF71 /* DetailRoute.swift in Sources */ = {isa = PBXBuildFile; fileRef = 67326BA127EC62E9008BCF71 /* DetailRoute.swift */; };
		67326BD227EF7948008BCF71 /* LoginPopUpGeneratorRouter.swift in Sources */ = {isa = PBXBuildFile; fileRef = 67326BCF27EF7948008BCF71 /* LoginPopUpGeneratorRouter.swift */; };
		67326BD327EF7948008BCF71 /* LoginPopUpGeneratorViewController.swift in Sources */ = {isa = PBXBuildFile; fileRef = 67326BD027EF7948008BCF71 /* LoginPopUpGeneratorViewController.swift */; };
		67326BD427EF7948008BCF71 /* LoginPopUpGeneratorViewModel.swift in Sources */ = {isa = PBXBuildFile; fileRef = 67326BD127EF7948008BCF71 /* LoginPopUpGeneratorViewModel.swift */; };
		67326BD627EF7A1D008BCF71 /* LoginPopUpGeneratorRoute.swift in Sources */ = {isa = PBXBuildFile; fileRef = 67326BD527EF7A1D008BCF71 /* LoginPopUpGeneratorRoute.swift */; };
		67326BF427F1F3C9008BCF71 /* CommentCellModel+Extension.swift in Sources */ = {isa = PBXBuildFile; fileRef = 67326BF327F1F3C9008BCF71 /* CommentCellModel+Extension.swift */; };
		6734640F27E8DE9400F4487B /* FavoritesCellModel+Extension.swift in Sources */ = {isa = PBXBuildFile; fileRef = 6734640E27E8DE9400F4487B /* FavoritesCellModel+Extension.swift */; };
		6734641127E8E0CF00F4487B /* FavoritesRecipeCellModel+Extension.swift in Sources */ = {isa = PBXBuildFile; fileRef = 6734641027E8E0CF00F4487B /* FavoritesRecipeCellModel+Extension.swift */; };
		674CD3D327DEC75100834AA2 /* RecipesRouter.swift in Sources */ = {isa = PBXBuildFile; fileRef = 674CD3D027DEC75100834AA2 /* RecipesRouter.swift */; };
		674CD3D427DEC75100834AA2 /* RecipesViewController.swift in Sources */ = {isa = PBXBuildFile; fileRef = 674CD3D127DEC75100834AA2 /* RecipesViewController.swift */; };
		674CD3D527DEC75100834AA2 /* RecipesViewModel.swift in Sources */ = {isa = PBXBuildFile; fileRef = 674CD3D227DEC75100834AA2 /* RecipesViewModel.swift */; };
		674CD3D727DEC78000834AA2 /* RecipesRoute.swift in Sources */ = {isa = PBXBuildFile; fileRef = 674CD3D627DEC78000834AA2 /* RecipesRoute.swift */; };
		674CD3FA27DF85AC00834AA2 /* ApiLogger.swift in Sources */ = {isa = PBXBuildFile; fileRef = 674CD3F927DF85AC00834AA2 /* ApiLogger.swift */; };
		674CD3FC27DF85CA00834AA2 /* ApiRequestInterceptor.swift in Sources */ = {isa = PBXBuildFile; fileRef = 674CD3FB27DF85CA00834AA2 /* ApiRequestInterceptor.swift */; };
		674CD3FE27DF85E300834AA2 /* DataProvider.swift in Sources */ = {isa = PBXBuildFile; fileRef = 674CD3FD27DF85E300834AA2 /* DataProvider.swift */; };
		674CD41B27DF8F2A00834AA2 /* RecipeCellModel+Extension.swift in Sources */ = {isa = PBXBuildFile; fileRef = 674CD41A27DF8F2A00834AA2 /* RecipeCellModel+Extension.swift */; };
		674CD42A27E1B7B200834AA2 /* FavoritesRouter.swift in Sources */ = {isa = PBXBuildFile; fileRef = 674CD42727E1B7B200834AA2 /* FavoritesRouter.swift */; };
		674CD42B27E1B7B200834AA2 /* FavoritesViewController.swift in Sources */ = {isa = PBXBuildFile; fileRef = 674CD42827E1B7B200834AA2 /* FavoritesViewController.swift */; };
		674CD42C27E1B7B200834AA2 /* FavoritesViewModel.swift in Sources */ = {isa = PBXBuildFile; fileRef = 674CD42927E1B7B200834AA2 /* FavoritesViewModel.swift */; };
		677BE9AA27D8A0890071F9AB /* WalkThroughRouter.swift in Sources */ = {isa = PBXBuildFile; fileRef = 677BE9A727D8A0890071F9AB /* WalkThroughRouter.swift */; };
		677BE9AB27D8A0890071F9AB /* WalkThroughViewController.swift in Sources */ = {isa = PBXBuildFile; fileRef = 677BE9A827D8A0890071F9AB /* WalkThroughViewController.swift */; };
		677BE9AC27D8A0890071F9AB /* WalkThroughViewModel.swift in Sources */ = {isa = PBXBuildFile; fileRef = 677BE9A927D8A0890071F9AB /* WalkThroughViewModel.swift */; };
		677BE9AE27D8A2340071F9AB /* WalkThroughRoute.swift in Sources */ = {isa = PBXBuildFile; fileRef = 677BE9AD27D8A2340071F9AB /* WalkThroughRoute.swift */; };
		677BE9C627DA239A0071F9AB /* MainTabBarController.swift in Sources */ = {isa = PBXBuildFile; fileRef = 677BE9C527DA239A0071F9AB /* MainTabBarController.swift */; };
		677BE9C827DA262E0071F9AB /* MainNavigationController.swift in Sources */ = {isa = PBXBuildFile; fileRef = 677BE9C727DA262E0071F9AB /* MainNavigationController.swift */; };
		677BE9CD27DA3DE80071F9AB /* MainTabBarRoute.swift in Sources */ = {isa = PBXBuildFile; fileRef = 677BE9CC27DA3DE80071F9AB /* MainTabBarRoute.swift */; };
		67A047A727D713E1007359A9 /* AppDelegate.swift in Sources */ = {isa = PBXBuildFile; fileRef = 67A047A627D713E1007359A9 /* AppDelegate.swift */; };
		67A047B027D713E2007359A9 /* Assets.xcassets in Resources */ = {isa = PBXBuildFile; fileRef = 67A047AF27D713E2007359A9 /* Assets.xcassets */; };
		67A047B327D713E2007359A9 /* LaunchScreen.storyboard in Resources */ = {isa = PBXBuildFile; fileRef = 67A047B127D713E2007359A9 /* LaunchScreen.storyboard */; };
		67A047BE27D713E2007359A9 /* FodamyTests.swift in Sources */ = {isa = PBXBuildFile; fileRef = 67A047BD27D713E2007359A9 /* FodamyTests.swift */; };
		67A047C827D713E2007359A9 /* FodamyUITests.swift in Sources */ = {isa = PBXBuildFile; fileRef = 67A047C727D713E2007359A9 /* FodamyUITests.swift */; };
		67A047CA27D713E2007359A9 /* FodamyUITestsLaunchTests.swift in Sources */ = {isa = PBXBuildFile; fileRef = 67A047C927D713E2007359A9 /* FodamyUITestsLaunchTests.swift */; };
		67A0484427D718D2007359A9 /* DataProvider.framework in Frameworks */ = {isa = PBXBuildFile; fileRef = 67A0484327D718D2007359A9 /* DataProvider.framework */; };
		67A0484527D718D2007359A9 /* DataProvider.framework in Embed Frameworks */ = {isa = PBXBuildFile; fileRef = 67A0484327D718D2007359A9 /* DataProvider.framework */; settings = {ATTRIBUTES = (CodeSignOnCopy, RemoveHeadersOnCopy, ); }; };
		67A0484827D718D6007359A9 /* UIComponents.framework in Frameworks */ = {isa = PBXBuildFile; fileRef = 67A0484727D718D6007359A9 /* UIComponents.framework */; };
		67A0484927D718D6007359A9 /* UIComponents.framework in Embed Frameworks */ = {isa = PBXBuildFile; fileRef = 67A0484727D718D6007359A9 /* UIComponents.framework */; settings = {ATTRIBUTES = (CodeSignOnCopy, RemoveHeadersOnCopy, ); }; };
		67A0484B27D718DA007359A9 /* Utilities.framework in Frameworks */ = {isa = PBXBuildFile; fileRef = 67A0484A27D718DA007359A9 /* Utilities.framework */; };
		67A0484C27D718DA007359A9 /* Utilities.framework in Embed Frameworks */ = {isa = PBXBuildFile; fileRef = 67A0484A27D718DA007359A9 /* Utilities.framework */; settings = {ATTRIBUTES = (CodeSignOnCopy, RemoveHeadersOnCopy, ); }; };
		67A0485927D719DC007359A9 /* AppRouter.swift in Sources */ = {isa = PBXBuildFile; fileRef = 67A0484F27D719DC007359A9 /* AppRouter.swift */; };
		67A0485A27D719DC007359A9 /* Animator.swift in Sources */ = {isa = PBXBuildFile; fileRef = 67A0485127D719DC007359A9 /* Animator.swift */; };
		67A0485B27D719DC007359A9 /* Router.swift in Sources */ = {isa = PBXBuildFile; fileRef = 67A0485227D719DC007359A9 /* Router.swift */; };
		67A0485C27D719DC007359A9 /* ModalTransition.swift in Sources */ = {isa = PBXBuildFile; fileRef = 67A0485427D719DC007359A9 /* ModalTransition.swift */; };
		67A0485D27D719DC007359A9 /* PlaceOnWindowTransition.swift in Sources */ = {isa = PBXBuildFile; fileRef = 67A0485527D719DC007359A9 /* PlaceOnWindowTransition.swift */; };
		67A0485E27D719DC007359A9 /* Transition.swift in Sources */ = {isa = PBXBuildFile; fileRef = 67A0485627D719DC007359A9 /* Transition.swift */; };
		67A0485F27D719DC007359A9 /* PushTransition.swift in Sources */ = {isa = PBXBuildFile; fileRef = 67A0485727D719DC007359A9 /* PushTransition.swift */; };
		67A0486F27D71C5D007359A9 /* HomeRoute.swift in Sources */ = {isa = PBXBuildFile; fileRef = 67A0486827D71C5D007359A9 /* HomeRoute.swift */; };
		67A0487027D71C5D007359A9 /* HomeViewModel.swift in Sources */ = {isa = PBXBuildFile; fileRef = 67A0486927D71C5D007359A9 /* HomeViewModel.swift */; };
		67A0487127D71C5D007359A9 /* HomeViewController.swift in Sources */ = {isa = PBXBuildFile; fileRef = 67A0486A27D71C5D007359A9 /* HomeViewController.swift */; };
		67A0487227D71C5D007359A9 /* HomeRouter.swift in Sources */ = {isa = PBXBuildFile; fileRef = 67A0486B27D71C5D007359A9 /* HomeRouter.swift */; };
		67A0487327D71C5D007359A9 /* BaseViewController.swift in Sources */ = {isa = PBXBuildFile; fileRef = 67A0486D27D71C5D007359A9 /* BaseViewController.swift */; };
		67A0487427D71C5D007359A9 /* BaseViewModel.swift in Sources */ = {isa = PBXBuildFile; fileRef = 67A0486E27D71C5D007359A9 /* BaseViewModel.swift */; };
		6EF38E401039794D44E3148B /* Pods_FodamyTests.framework in Frameworks */ = {isa = PBXBuildFile; fileRef = 1A29EB337C19961B3FB4DC6B /* Pods_FodamyTests.framework */; };
		A052E475019E065E3F67DA96 /* Pods_Fodamy.framework in Frameworks */ = {isa = PBXBuildFile; fileRef = E8BF3B3F48EB84BF50F82092 /* Pods_Fodamy.framework */; };
		A421A753587982010ACB1861 /* Pods_Fodamy_FodamyUITests.framework in Frameworks */ = {isa = PBXBuildFile; fileRef = 45ADB0A2AE85B6B385AD0A49 /* Pods_Fodamy_FodamyUITests.framework */; };
/* End PBXBuildFile section */

/* Begin PBXContainerItemProxy section */
		67A047BA27D713E2007359A9 /* PBXContainerItemProxy */ = {
			isa = PBXContainerItemProxy;
			containerPortal = 67A0479B27D713E1007359A9 /* Project object */;
			proxyType = 1;
			remoteGlobalIDString = 67A047A227D713E1007359A9;
			remoteInfo = Fodamy;
		};
		67A047C427D713E2007359A9 /* PBXContainerItemProxy */ = {
			isa = PBXContainerItemProxy;
			containerPortal = 67A0479B27D713E1007359A9 /* Project object */;
			proxyType = 1;
			remoteGlobalIDString = 67A047A227D713E1007359A9;
			remoteInfo = Fodamy;
		};
/* End PBXContainerItemProxy section */

/* Begin PBXCopyFilesBuildPhase section */
		67A0484627D718D2007359A9 /* Embed Frameworks */ = {
			isa = PBXCopyFilesBuildPhase;
			buildActionMask = 2147483647;
			dstPath = "";
			dstSubfolderSpec = 10;
			files = (
				67A0484927D718D6007359A9 /* UIComponents.framework in Embed Frameworks */,
				67A0484C27D718DA007359A9 /* Utilities.framework in Embed Frameworks */,
				67A0484527D718D2007359A9 /* DataProvider.framework in Embed Frameworks */,
			);
			name = "Embed Frameworks";
			runOnlyForDeploymentPostprocessing = 0;
		};
/* End PBXCopyFilesBuildPhase section */

/* Begin PBXFileReference section */
		07BAA15A1DA2E01D72FC1D1C /* Pods-Fodamy.release.xcconfig */ = {isa = PBXFileReference; includeInIndex = 1; lastKnownFileType = text.xcconfig; name = "Pods-Fodamy.release.xcconfig"; path = "Target Support Files/Pods-Fodamy/Pods-Fodamy.release.xcconfig"; sourceTree = "<group>"; };
		11546548245DAEE1177F7BDE /* Pods-FodamyTests.release.xcconfig */ = {isa = PBXFileReference; includeInIndex = 1; lastKnownFileType = text.xcconfig; name = "Pods-FodamyTests.release.xcconfig"; path = "Target Support Files/Pods-FodamyTests/Pods-FodamyTests.release.xcconfig"; sourceTree = "<group>"; };
		1A29EB337C19961B3FB4DC6B /* Pods_FodamyTests.framework */ = {isa = PBXFileReference; explicitFileType = wrapper.framework; includeInIndex = 0; path = Pods_FodamyTests.framework; sourceTree = BUILT_PRODUCTS_DIR; };
		45ADB0A2AE85B6B385AD0A49 /* Pods_Fodamy_FodamyUITests.framework */ = {isa = PBXFileReference; explicitFileType = wrapper.framework; includeInIndex = 0; path = Pods_Fodamy_FodamyUITests.framework; sourceTree = BUILT_PRODUCTS_DIR; };
		67203B0627F5572F001A0CBF /* Validation.swift */ = {isa = PBXFileReference; lastKnownFileType = sourcecode.swift; path = Validation.swift; sourceTree = "<group>"; };
		67203B4B27F56447001A0CBF /* LoginViewController.swift */ = {isa = PBXFileReference; lastKnownFileType = sourcecode.swift; path = LoginViewController.swift; sourceTree = "<group>"; };
		67203B4D27F564EB001A0CBF /* LoginViewModel.swift */ = {isa = PBXFileReference; lastKnownFileType = sourcecode.swift; path = LoginViewModel.swift; sourceTree = "<group>"; };
		67203B4F27F56620001A0CBF /* LoginRouter.swift */ = {isa = PBXFileReference; lastKnownFileType = sourcecode.swift; path = LoginRouter.swift; sourceTree = "<group>"; };
		67203B5127F56679001A0CBF /* LoginRoute.swift */ = {isa = PBXFileReference; lastKnownFileType = sourcecode.swift; path = LoginRoute.swift; sourceTree = "<group>"; };
		67203B5A27F56997001A0CBF /* RegisterViewModel.swift */ = {isa = PBXFileReference; fileEncoding = 4; lastKnownFileType = sourcecode.swift; path = RegisterViewModel.swift; sourceTree = "<group>"; };
		67203B5B27F56997001A0CBF /* RegisterViewController.swift */ = {isa = PBXFileReference; fileEncoding = 4; lastKnownFileType = sourcecode.swift; path = RegisterViewController.swift; sourceTree = "<group>"; };
		67203B5C27F56997001A0CBF /* RegisterRoute.swift */ = {isa = PBXFileReference; fileEncoding = 4; lastKnownFileType = sourcecode.swift; path = RegisterRoute.swift; sourceTree = "<group>"; };
		67203B5D27F56997001A0CBF /* RegisterRouter.swift */ = {isa = PBXFileReference; fileEncoding = 4; lastKnownFileType = sourcecode.swift; path = RegisterRouter.swift; sourceTree = "<group>"; };
		67326B9827EC4C4A008BCF71 /* DetailRouter.swift */ = {isa = PBXFileReference; lastKnownFileType = sourcecode.swift; path = DetailRouter.swift; sourceTree = "<group>"; };
		67326B9927EC4C4A008BCF71 /* DetailViewController.swift */ = {isa = PBXFileReference; lastKnownFileType = sourcecode.swift; path = DetailViewController.swift; sourceTree = "<group>"; };
		67326B9A27EC4C4A008BCF71 /* DetailViewModel.swift */ = {isa = PBXFileReference; lastKnownFileType = sourcecode.swift; path = DetailViewModel.swift; sourceTree = "<group>"; };
		67326BA127EC62E9008BCF71 /* DetailRoute.swift */ = {isa = PBXFileReference; lastKnownFileType = sourcecode.swift; path = DetailRoute.swift; sourceTree = "<group>"; };
		67326BCF27EF7948008BCF71 /* LoginPopUpGeneratorRouter.swift */ = {isa = PBXFileReference; lastKnownFileType = sourcecode.swift; path = LoginPopUpGeneratorRouter.swift; sourceTree = "<group>"; };
		67326BD027EF7948008BCF71 /* LoginPopUpGeneratorViewController.swift */ = {isa = PBXFileReference; lastKnownFileType = sourcecode.swift; path = LoginPopUpGeneratorViewController.swift; sourceTree = "<group>"; };
		67326BD127EF7948008BCF71 /* LoginPopUpGeneratorViewModel.swift */ = {isa = PBXFileReference; lastKnownFileType = sourcecode.swift; path = LoginPopUpGeneratorViewModel.swift; sourceTree = "<group>"; };
		67326BD527EF7A1D008BCF71 /* LoginPopUpGeneratorRoute.swift */ = {isa = PBXFileReference; lastKnownFileType = sourcecode.swift; path = LoginPopUpGeneratorRoute.swift; sourceTree = "<group>"; };
		67326BF327F1F3C9008BCF71 /* CommentCellModel+Extension.swift */ = {isa = PBXFileReference; lastKnownFileType = sourcecode.swift; path = "CommentCellModel+Extension.swift"; sourceTree = "<group>"; };
		6734640E27E8DE9400F4487B /* FavoritesCellModel+Extension.swift */ = {isa = PBXFileReference; lastKnownFileType = sourcecode.swift; path = "FavoritesCellModel+Extension.swift"; sourceTree = "<group>"; };
		6734641027E8E0CF00F4487B /* FavoritesRecipeCellModel+Extension.swift */ = {isa = PBXFileReference; lastKnownFileType = sourcecode.swift; path = "FavoritesRecipeCellModel+Extension.swift"; sourceTree = "<group>"; };
		674CD3D027DEC75100834AA2 /* RecipesRouter.swift */ = {isa = PBXFileReference; lastKnownFileType = sourcecode.swift; path = RecipesRouter.swift; sourceTree = "<group>"; };
		674CD3D127DEC75100834AA2 /* RecipesViewController.swift */ = {isa = PBXFileReference; lastKnownFileType = sourcecode.swift; path = RecipesViewController.swift; sourceTree = "<group>"; };
		674CD3D227DEC75100834AA2 /* RecipesViewModel.swift */ = {isa = PBXFileReference; lastKnownFileType = sourcecode.swift; path = RecipesViewModel.swift; sourceTree = "<group>"; };
		674CD3D627DEC78000834AA2 /* RecipesRoute.swift */ = {isa = PBXFileReference; lastKnownFileType = sourcecode.swift; path = RecipesRoute.swift; sourceTree = "<group>"; };
		674CD3F927DF85AC00834AA2 /* ApiLogger.swift */ = {isa = PBXFileReference; lastKnownFileType = sourcecode.swift; path = ApiLogger.swift; sourceTree = "<group>"; };
		674CD3FB27DF85CA00834AA2 /* ApiRequestInterceptor.swift */ = {isa = PBXFileReference; lastKnownFileType = sourcecode.swift; path = ApiRequestInterceptor.swift; sourceTree = "<group>"; };
		674CD3FD27DF85E300834AA2 /* DataProvider.swift */ = {isa = PBXFileReference; lastKnownFileType = sourcecode.swift; path = DataProvider.swift; sourceTree = "<group>"; };
		674CD41A27DF8F2A00834AA2 /* RecipeCellModel+Extension.swift */ = {isa = PBXFileReference; lastKnownFileType = sourcecode.swift; path = "RecipeCellModel+Extension.swift"; sourceTree = "<group>"; };
		674CD42727E1B7B200834AA2 /* FavoritesRouter.swift */ = {isa = PBXFileReference; lastKnownFileType = sourcecode.swift; path = FavoritesRouter.swift; sourceTree = "<group>"; };
		674CD42827E1B7B200834AA2 /* FavoritesViewController.swift */ = {isa = PBXFileReference; lastKnownFileType = sourcecode.swift; path = FavoritesViewController.swift; sourceTree = "<group>"; };
		674CD42927E1B7B200834AA2 /* FavoritesViewModel.swift */ = {isa = PBXFileReference; lastKnownFileType = sourcecode.swift; path = FavoritesViewModel.swift; sourceTree = "<group>"; };
		677BE9A727D8A0890071F9AB /* WalkThroughRouter.swift */ = {isa = PBXFileReference; lastKnownFileType = sourcecode.swift; path = WalkThroughRouter.swift; sourceTree = "<group>"; };
		677BE9A827D8A0890071F9AB /* WalkThroughViewController.swift */ = {isa = PBXFileReference; lastKnownFileType = sourcecode.swift; path = WalkThroughViewController.swift; sourceTree = "<group>"; };
		677BE9A927D8A0890071F9AB /* WalkThroughViewModel.swift */ = {isa = PBXFileReference; lastKnownFileType = sourcecode.swift; path = WalkThroughViewModel.swift; sourceTree = "<group>"; };
		677BE9AD27D8A2340071F9AB /* WalkThroughRoute.swift */ = {isa = PBXFileReference; lastKnownFileType = sourcecode.swift; path = WalkThroughRoute.swift; sourceTree = "<group>"; };
		677BE9C527DA239A0071F9AB /* MainTabBarController.swift */ = {isa = PBXFileReference; lastKnownFileType = sourcecode.swift; path = MainTabBarController.swift; sourceTree = "<group>"; };
		677BE9C727DA262E0071F9AB /* MainNavigationController.swift */ = {isa = PBXFileReference; lastKnownFileType = sourcecode.swift; path = MainNavigationController.swift; sourceTree = "<group>"; };
		677BE9CC27DA3DE80071F9AB /* MainTabBarRoute.swift */ = {isa = PBXFileReference; lastKnownFileType = sourcecode.swift; path = MainTabBarRoute.swift; sourceTree = "<group>"; };
		67A047A327D713E1007359A9 /* Fodamy.app */ = {isa = PBXFileReference; explicitFileType = wrapper.application; includeInIndex = 0; path = Fodamy.app; sourceTree = BUILT_PRODUCTS_DIR; };
		67A047A627D713E1007359A9 /* AppDelegate.swift */ = {isa = PBXFileReference; lastKnownFileType = sourcecode.swift; path = AppDelegate.swift; sourceTree = "<group>"; };
		67A047AF27D713E2007359A9 /* Assets.xcassets */ = {isa = PBXFileReference; lastKnownFileType = folder.assetcatalog; path = Assets.xcassets; sourceTree = "<group>"; };
		67A047B227D713E2007359A9 /* Base */ = {isa = PBXFileReference; lastKnownFileType = file.storyboard; name = Base; path = Base.lproj/LaunchScreen.storyboard; sourceTree = "<group>"; };
		67A047B427D713E2007359A9 /* Info.plist */ = {isa = PBXFileReference; lastKnownFileType = text.plist.xml; path = Info.plist; sourceTree = "<group>"; };
		67A047B927D713E2007359A9 /* FodamyTests.xctest */ = {isa = PBXFileReference; explicitFileType = wrapper.cfbundle; includeInIndex = 0; path = FodamyTests.xctest; sourceTree = BUILT_PRODUCTS_DIR; };
		67A047BD27D713E2007359A9 /* FodamyTests.swift */ = {isa = PBXFileReference; lastKnownFileType = sourcecode.swift; path = FodamyTests.swift; sourceTree = "<group>"; };
		67A047C327D713E2007359A9 /* FodamyUITests.xctest */ = {isa = PBXFileReference; explicitFileType = wrapper.cfbundle; includeInIndex = 0; path = FodamyUITests.xctest; sourceTree = BUILT_PRODUCTS_DIR; };
		67A047C727D713E2007359A9 /* FodamyUITests.swift */ = {isa = PBXFileReference; lastKnownFileType = sourcecode.swift; path = FodamyUITests.swift; sourceTree = "<group>"; };
		67A047C927D713E2007359A9 /* FodamyUITestsLaunchTests.swift */ = {isa = PBXFileReference; lastKnownFileType = sourcecode.swift; path = FodamyUITestsLaunchTests.swift; sourceTree = "<group>"; };
		67A0484327D718D2007359A9 /* DataProvider.framework */ = {isa = PBXFileReference; explicitFileType = wrapper.framework; path = DataProvider.framework; sourceTree = BUILT_PRODUCTS_DIR; };
		67A0484727D718D6007359A9 /* UIComponents.framework */ = {isa = PBXFileReference; explicitFileType = wrapper.framework; path = UIComponents.framework; sourceTree = BUILT_PRODUCTS_DIR; };
		67A0484A27D718DA007359A9 /* Utilities.framework */ = {isa = PBXFileReference; explicitFileType = wrapper.framework; path = Utilities.framework; sourceTree = BUILT_PRODUCTS_DIR; };
		67A0484F27D719DC007359A9 /* AppRouter.swift */ = {isa = PBXFileReference; fileEncoding = 4; lastKnownFileType = sourcecode.swift; path = AppRouter.swift; sourceTree = "<group>"; };
		67A0485127D719DC007359A9 /* Animator.swift */ = {isa = PBXFileReference; fileEncoding = 4; lastKnownFileType = sourcecode.swift; path = Animator.swift; sourceTree = "<group>"; };
		67A0485227D719DC007359A9 /* Router.swift */ = {isa = PBXFileReference; fileEncoding = 4; lastKnownFileType = sourcecode.swift; path = Router.swift; sourceTree = "<group>"; };
		67A0485427D719DC007359A9 /* ModalTransition.swift */ = {isa = PBXFileReference; fileEncoding = 4; lastKnownFileType = sourcecode.swift; path = ModalTransition.swift; sourceTree = "<group>"; };
		67A0485527D719DC007359A9 /* PlaceOnWindowTransition.swift */ = {isa = PBXFileReference; fileEncoding = 4; lastKnownFileType = sourcecode.swift; path = PlaceOnWindowTransition.swift; sourceTree = "<group>"; };
		67A0485627D719DC007359A9 /* Transition.swift */ = {isa = PBXFileReference; fileEncoding = 4; lastKnownFileType = sourcecode.swift; path = Transition.swift; sourceTree = "<group>"; };
		67A0485727D719DC007359A9 /* PushTransition.swift */ = {isa = PBXFileReference; fileEncoding = 4; lastKnownFileType = sourcecode.swift; path = PushTransition.swift; sourceTree = "<group>"; };
		67A0486427D71AA9007359A9 /* Fodamy-Bridging-Header.h */ = {isa = PBXFileReference; lastKnownFileType = sourcecode.c.h; path = "Fodamy-Bridging-Header.h"; sourceTree = "<group>"; };
		67A0486827D71C5D007359A9 /* HomeRoute.swift */ = {isa = PBXFileReference; fileEncoding = 4; lastKnownFileType = sourcecode.swift; path = HomeRoute.swift; sourceTree = "<group>"; };
		67A0486927D71C5D007359A9 /* HomeViewModel.swift */ = {isa = PBXFileReference; fileEncoding = 4; lastKnownFileType = sourcecode.swift; path = HomeViewModel.swift; sourceTree = "<group>"; };
		67A0486A27D71C5D007359A9 /* HomeViewController.swift */ = {isa = PBXFileReference; fileEncoding = 4; lastKnownFileType = sourcecode.swift; path = HomeViewController.swift; sourceTree = "<group>"; };
		67A0486B27D71C5D007359A9 /* HomeRouter.swift */ = {isa = PBXFileReference; fileEncoding = 4; lastKnownFileType = sourcecode.swift; path = HomeRouter.swift; sourceTree = "<group>"; };
		67A0486D27D71C5D007359A9 /* BaseViewController.swift */ = {isa = PBXFileReference; fileEncoding = 4; lastKnownFileType = sourcecode.swift; path = BaseViewController.swift; sourceTree = "<group>"; };
		67A0486E27D71C5D007359A9 /* BaseViewModel.swift */ = {isa = PBXFileReference; fileEncoding = 4; lastKnownFileType = sourcecode.swift; path = BaseViewModel.swift; sourceTree = "<group>"; };
		6A1F15117986C717948B262F /* Pods-FodamyTests.debug.xcconfig */ = {isa = PBXFileReference; includeInIndex = 1; lastKnownFileType = text.xcconfig; name = "Pods-FodamyTests.debug.xcconfig"; path = "Target Support Files/Pods-FodamyTests/Pods-FodamyTests.debug.xcconfig"; sourceTree = "<group>"; };
		A1D6CF5C00D998C7DFA0A564 /* Pods-Fodamy-FodamyUITests.release.xcconfig */ = {isa = PBXFileReference; includeInIndex = 1; lastKnownFileType = text.xcconfig; name = "Pods-Fodamy-FodamyUITests.release.xcconfig"; path = "Target Support Files/Pods-Fodamy-FodamyUITests/Pods-Fodamy-FodamyUITests.release.xcconfig"; sourceTree = "<group>"; };
		B21074A0B33C216DAF6BA93A /* Pods-Fodamy-FodamyUITests.debug.xcconfig */ = {isa = PBXFileReference; includeInIndex = 1; lastKnownFileType = text.xcconfig; name = "Pods-Fodamy-FodamyUITests.debug.xcconfig"; path = "Target Support Files/Pods-Fodamy-FodamyUITests/Pods-Fodamy-FodamyUITests.debug.xcconfig"; sourceTree = "<group>"; };
		E19014A40637D22E47A335F9 /* Pods-Fodamy.debug.xcconfig */ = {isa = PBXFileReference; includeInIndex = 1; lastKnownFileType = text.xcconfig; name = "Pods-Fodamy.debug.xcconfig"; path = "Target Support Files/Pods-Fodamy/Pods-Fodamy.debug.xcconfig"; sourceTree = "<group>"; };
		E8BF3B3F48EB84BF50F82092 /* Pods_Fodamy.framework */ = {isa = PBXFileReference; explicitFileType = wrapper.framework; includeInIndex = 0; path = Pods_Fodamy.framework; sourceTree = BUILT_PRODUCTS_DIR; };
/* End PBXFileReference section */

/* Begin PBXFrameworksBuildPhase section */
		67A047A027D713E1007359A9 /* Frameworks */ = {
			isa = PBXFrameworksBuildPhase;
			buildActionMask = 2147483647;
			files = (
				A052E475019E065E3F67DA96 /* Pods_Fodamy.framework in Frameworks */,
				67A0484827D718D6007359A9 /* UIComponents.framework in Frameworks */,
				67A0484427D718D2007359A9 /* DataProvider.framework in Frameworks */,
				67A0484B27D718DA007359A9 /* Utilities.framework in Frameworks */,
			);
			runOnlyForDeploymentPostprocessing = 0;
		};
		67A047B627D713E2007359A9 /* Frameworks */ = {
			isa = PBXFrameworksBuildPhase;
			buildActionMask = 2147483647;
			files = (
				6EF38E401039794D44E3148B /* Pods_FodamyTests.framework in Frameworks */,
			);
			runOnlyForDeploymentPostprocessing = 0;
		};
		67A047C027D713E2007359A9 /* Frameworks */ = {
			isa = PBXFrameworksBuildPhase;
			buildActionMask = 2147483647;
			files = (
				A421A753587982010ACB1861 /* Pods_Fodamy_FodamyUITests.framework in Frameworks */,
			);
			runOnlyForDeploymentPostprocessing = 0;
		};
/* End PBXFrameworksBuildPhase section */

/* Begin PBXGroup section */
		3D27561BB4A28C1FE61E9681 /* Frameworks */ = {
			isa = PBXGroup;
			children = (
				67A0484A27D718DA007359A9 /* Utilities.framework */,
				67A0484727D718D6007359A9 /* UIComponents.framework */,
				67A0484327D718D2007359A9 /* DataProvider.framework */,
				E8BF3B3F48EB84BF50F82092 /* Pods_Fodamy.framework */,
				45ADB0A2AE85B6B385AD0A49 /* Pods_Fodamy_FodamyUITests.framework */,
				1A29EB337C19961B3FB4DC6B /* Pods_FodamyTests.framework */,
			);
			name = Frameworks;
			sourceTree = "<group>";
		};
		5DE8C7DFC0DFE9D9C6FCB0F7 /* Pods */ = {
			isa = PBXGroup;
			children = (
				E19014A40637D22E47A335F9 /* Pods-Fodamy.debug.xcconfig */,
				07BAA15A1DA2E01D72FC1D1C /* Pods-Fodamy.release.xcconfig */,
				B21074A0B33C216DAF6BA93A /* Pods-Fodamy-FodamyUITests.debug.xcconfig */,
				A1D6CF5C00D998C7DFA0A564 /* Pods-Fodamy-FodamyUITests.release.xcconfig */,
				6A1F15117986C717948B262F /* Pods-FodamyTests.debug.xcconfig */,
				11546548245DAEE1177F7BDE /* Pods-FodamyTests.release.xcconfig */,
			);
			path = Pods;
			sourceTree = "<group>";
		};
		67203B0527F55723001A0CBF /* Validation */ = {
			isa = PBXGroup;
			children = (
				67203B0627F5572F001A0CBF /* Validation.swift */,
			);
			path = Validation;
			sourceTree = "<group>";
		};
		67203B5827F56979001A0CBF /* Auth */ = {
			isa = PBXGroup;
			children = (
				67203B4A27F5643D001A0CBF /* Login */,
				67203B5927F5698C001A0CBF /* Register */,
			);
			path = Auth;
			sourceTree = "<group>";
		};
		67203B4A27F5643D001A0CBF /* Login */ = {
			isa = PBXGroup;
			children = (
				67203B4B27F56447001A0CBF /* LoginViewController.swift */,
				67203B4D27F564EB001A0CBF /* LoginViewModel.swift */,
				67203B4F27F56620001A0CBF /* LoginRouter.swift */,
				67203B5127F56679001A0CBF /* LoginRoute.swift */,
			);
			path = Login;
			sourceTree = "<group>";
		};
		67203B5927F5698C001A0CBF /* Register */ = {
			isa = PBXGroup;
			children = (
				67203B5B27F56997001A0CBF /* RegisterViewController.swift */,
				67203B5A27F56997001A0CBF /* RegisterViewModel.swift */,
				67203B5D27F56997001A0CBF /* RegisterRouter.swift */,
				67203B5C27F56997001A0CBF /* RegisterRoute.swift */,
			);
			path = Register;
			sourceTree = "<group>";
		};
		67326B9727EC4888008BCF71 /* Detail */ = {
			isa = PBXGroup;
			children = (
				67326B9927EC4C4A008BCF71 /* DetailViewController.swift */,
				67326B9A27EC4C4A008BCF71 /* DetailViewModel.swift */,
				67326B9827EC4C4A008BCF71 /* DetailRouter.swift */,
				67326BA127EC62E9008BCF71 /* DetailRoute.swift */,
			);
			path = Detail;
			sourceTree = "<group>";
		};
		67326BC827EF7877008BCF71 /* PopUp */ = {
			isa = PBXGroup;
			children = (
				67326BD027EF7948008BCF71 /* LoginPopUpGeneratorViewController.swift */,
				67326BD127EF7948008BCF71 /* LoginPopUpGeneratorViewModel.swift */,
				67326BCF27EF7948008BCF71 /* LoginPopUpGeneratorRouter.swift */,
				67326BD527EF7A1D008BCF71 /* LoginPopUpGeneratorRoute.swift */,
			);
			path = PopUp;
			sourceTree = "<group>";
		};
		674CD3CF27DEC6D400834AA2 /* Recipes */ = {
			isa = PBXGroup;
			children = (
				674CD3D127DEC75100834AA2 /* RecipesViewController.swift */,
				674CD3D227DEC75100834AA2 /* RecipesViewModel.swift */,
				674CD3D027DEC75100834AA2 /* RecipesRouter.swift */,
				674CD3D627DEC78000834AA2 /* RecipesRoute.swift */,
			);
			path = Recipes;
			sourceTree = "<group>";
		};
		674CD3F827DF859A00834AA2 /* DataProvider */ = {
			isa = PBXGroup;
			children = (
				674CD3F927DF85AC00834AA2 /* ApiLogger.swift */,
				674CD3FB27DF85CA00834AA2 /* ApiRequestInterceptor.swift */,
				674CD3FD27DF85E300834AA2 /* DataProvider.swift */,
			);
			path = DataProvider;
			sourceTree = "<group>";
		};
		674CD41827DF8F0500834AA2 /* UIComponents */ = {
			isa = PBXGroup;
			children = (
				674CD41927DF8F0F00834AA2 /* Cells */,
			);
			path = UIComponents;
			sourceTree = "<group>";
		};
		674CD41927DF8F0F00834AA2 /* Cells */ = {
			isa = PBXGroup;
			children = (
				674CD41A27DF8F2A00834AA2 /* RecipeCellModel+Extension.swift */,
				6734640E27E8DE9400F4487B /* FavoritesCellModel+Extension.swift */,
				6734641027E8E0CF00F4487B /* FavoritesRecipeCellModel+Extension.swift */,
				67326BF327F1F3C9008BCF71 /* CommentCellModel+Extension.swift */,
			);
			path = Cells;
			sourceTree = "<group>";
		};
		674CD42627E1B6D600834AA2 /* Favorites */ = {
			isa = PBXGroup;
			children = (
				674CD42827E1B7B200834AA2 /* FavoritesViewController.swift */,
				674CD42927E1B7B200834AA2 /* FavoritesViewModel.swift */,
				674CD42727E1B7B200834AA2 /* FavoritesRouter.swift */,
			);
			path = Favorites;
			sourceTree = "<group>";
		};
		677BE99227D8940E0071F9AB /* WalkThrough */ = {
			isa = PBXGroup;
			children = (
				677BE9A827D8A0890071F9AB /* WalkThroughViewController.swift */,
				677BE9A927D8A0890071F9AB /* WalkThroughViewModel.swift */,
				677BE9A727D8A0890071F9AB /* WalkThroughRouter.swift */,
				677BE9AD27D8A2340071F9AB /* WalkThroughRoute.swift */,
			);
			path = WalkThrough;
			sourceTree = "<group>";
		};
		677BE9C427DA23630071F9AB /* Main */ = {
			isa = PBXGroup;
			children = (
				677BE9C527DA239A0071F9AB /* MainTabBarController.swift */,
				677BE9CC27DA3DE80071F9AB /* MainTabBarRoute.swift */,
			);
			path = Main;
			sourceTree = "<group>";
		};
		67A0479A27D713E1007359A9 = {
			isa = PBXGroup;
			children = (
				67A047A527D713E1007359A9 /* Fodamy */,
				67A047BC27D713E2007359A9 /* FodamyTests */,
				67A047C627D713E2007359A9 /* FodamyUITests */,
				67A047A427D713E1007359A9 /* Products */,
				5DE8C7DFC0DFE9D9C6FCB0F7 /* Pods */,
				3D27561BB4A28C1FE61E9681 /* Frameworks */,
			);
			sourceTree = "<group>";
		};
		67A047A427D713E1007359A9 /* Products */ = {
			isa = PBXGroup;
			children = (
				67A047A327D713E1007359A9 /* Fodamy.app */,
				67A047B927D713E2007359A9 /* FodamyTests.xctest */,
				67A047C327D713E2007359A9 /* FodamyUITests.xctest */,
			);
			name = Products;
			sourceTree = "<group>";
		};
		67A047A527D713E1007359A9 /* Fodamy */ = {
			isa = PBXGroup;
			children = (
				67203B0527F55723001A0CBF /* Validation */,
				674CD41827DF8F0500834AA2 /* UIComponents */,
				674CD3F827DF859A00834AA2 /* DataProvider */,
				67A0486127D71A70007359A9 /* Configurations */,
				67A0486027D71A02007359A9 /* AppDelegate */,
				67A0484D27D719DC007359A9 /* Routing */,
				67A0486627D71C5D007359A9 /* Scenes */,
				67A047AF27D713E2007359A9 /* Assets.xcassets */,
				67A047B127D713E2007359A9 /* LaunchScreen.storyboard */,
			);
			path = Fodamy;
			sourceTree = "<group>";
		};
		67A047BC27D713E2007359A9 /* FodamyTests */ = {
			isa = PBXGroup;
			children = (
				67A047BD27D713E2007359A9 /* FodamyTests.swift */,
			);
			path = FodamyTests;
			sourceTree = "<group>";
		};
		67A047C627D713E2007359A9 /* FodamyUITests */ = {
			isa = PBXGroup;
			children = (
				67A047C727D713E2007359A9 /* FodamyUITests.swift */,
				67A047C927D713E2007359A9 /* FodamyUITestsLaunchTests.swift */,
			);
			path = FodamyUITests;
			sourceTree = "<group>";
		};
		67A0484D27D719DC007359A9 /* Routing */ = {
			isa = PBXGroup;
			children = (
				67A0485827D719DC007359A9 /* Routes */,
				67A0484E27D719DC007359A9 /* Routers */,
				67A0485027D719DC007359A9 /* Core */,
				67A0485327D719DC007359A9 /* Transitions */,
			);
			path = Routing;
			sourceTree = "<group>";
		};
		67A0484E27D719DC007359A9 /* Routers */ = {
			isa = PBXGroup;
			children = (
				67A0484F27D719DC007359A9 /* AppRouter.swift */,
			);
			path = Routers;
			sourceTree = "<group>";
		};
		67A0485027D719DC007359A9 /* Core */ = {
			isa = PBXGroup;
			children = (
				67A0485127D719DC007359A9 /* Animator.swift */,
				67A0485227D719DC007359A9 /* Router.swift */,
			);
			path = Core;
			sourceTree = "<group>";
		};
		67A0485327D719DC007359A9 /* Transitions */ = {
			isa = PBXGroup;
			children = (
				67A0485427D719DC007359A9 /* ModalTransition.swift */,
				67A0485527D719DC007359A9 /* PlaceOnWindowTransition.swift */,
				67A0485627D719DC007359A9 /* Transition.swift */,
				67A0485727D719DC007359A9 /* PushTransition.swift */,
			);
			path = Transitions;
			sourceTree = "<group>";
		};
		67A0485827D719DC007359A9 /* Routes */ = {
			isa = PBXGroup;
			children = (
			);
			path = Routes;
			sourceTree = "<group>";
		};
		67A0486027D71A02007359A9 /* AppDelegate */ = {
			isa = PBXGroup;
			children = (
				67A047A627D713E1007359A9 /* AppDelegate.swift */,
			);
			path = AppDelegate;
			sourceTree = "<group>";
		};
		67A0486127D71A70007359A9 /* Configurations */ = {
			isa = PBXGroup;
			children = (
				67A0486227D71A76007359A9 /* BridgingHeader */,
				67A0486327D71A7F007359A9 /* Release */,
			);
			path = Configurations;
			sourceTree = "<group>";
		};
		67A0486227D71A76007359A9 /* BridgingHeader */ = {
			isa = PBXGroup;
			children = (
				67A0486427D71AA9007359A9 /* Fodamy-Bridging-Header.h */,
			);
			path = BridgingHeader;
			sourceTree = "<group>";
		};
		67A0486327D71A7F007359A9 /* Release */ = {
			isa = PBXGroup;
			children = (
				67A047B427D713E2007359A9 /* Info.plist */,
			);
			path = Release;
			sourceTree = "<group>";
		};
		67A0486627D71C5D007359A9 /* Scenes */ = {
			isa = PBXGroup;
			children = (
				67203B5827F56979001A0CBF /* Auth */,
				67326BC827EF7877008BCF71 /* PopUp */,
				67326B9727EC4888008BCF71 /* Detail */,
				674CD42627E1B6D600834AA2 /* Favorites */,
				674CD3CF27DEC6D400834AA2 /* Recipes */,
				677BE9C427DA23630071F9AB /* Main */,
				67A0486C27D71C5D007359A9 /* Base */,
				67A0486727D71C5D007359A9 /* Home */,
				677BE99227D8940E0071F9AB /* WalkThrough */,
			);
			path = Scenes;
			sourceTree = "<group>";
		};
		67A0486727D71C5D007359A9 /* Home */ = {
			isa = PBXGroup;
			children = (
				67A0486A27D71C5D007359A9 /* HomeViewController.swift */,
				67A0486927D71C5D007359A9 /* HomeViewModel.swift */,
				67A0486B27D71C5D007359A9 /* HomeRouter.swift */,
				67A0486827D71C5D007359A9 /* HomeRoute.swift */,
			);
			path = Home;
			sourceTree = "<group>";
		};
		67A0486C27D71C5D007359A9 /* Base */ = {
			isa = PBXGroup;
			children = (
				67A0486D27D71C5D007359A9 /* BaseViewController.swift */,
				67A0486E27D71C5D007359A9 /* BaseViewModel.swift */,
				677BE9C727DA262E0071F9AB /* MainNavigationController.swift */,
			);
			path = Base;
			sourceTree = "<group>";
		};
/* End PBXGroup section */

/* Begin PBXNativeTarget section */
		67A047A227D713E1007359A9 /* Fodamy */ = {
			isa = PBXNativeTarget;
			buildConfigurationList = 67A047CD27D713E2007359A9 /* Build configuration list for PBXNativeTarget "Fodamy" */;
			buildPhases = (
				7DBC815400C8D98880F3C182 /* [CP] Check Pods Manifest.lock */,
				67A047D627D71641007359A9 /* Run SwiftLint */,
				67A0479F27D713E1007359A9 /* Sources */,
				67A047A027D713E1007359A9 /* Frameworks */,
				67A047A127D713E1007359A9 /* Resources */,
				67A0484627D718D2007359A9 /* Embed Frameworks */,
				6CF2DB35BDF8AE85080E817C /* [CP] Embed Pods Frameworks */,
			);
			buildRules = (
			);
			dependencies = (
			);
			name = Fodamy;
			productName = Fodamy;
			productReference = 67A047A327D713E1007359A9 /* Fodamy.app */;
			productType = "com.apple.product-type.application";
		};
		67A047B827D713E2007359A9 /* FodamyTests */ = {
			isa = PBXNativeTarget;
			buildConfigurationList = 67A047D027D713E2007359A9 /* Build configuration list for PBXNativeTarget "FodamyTests" */;
			buildPhases = (
				BB53AA0F9C40166B8D5CFD07 /* [CP] Check Pods Manifest.lock */,
				67A047B527D713E2007359A9 /* Sources */,
				67A047B627D713E2007359A9 /* Frameworks */,
				67A047B727D713E2007359A9 /* Resources */,
			);
			buildRules = (
			);
			dependencies = (
				67A047BB27D713E2007359A9 /* PBXTargetDependency */,
			);
			name = FodamyTests;
			productName = FodamyTests;
			productReference = 67A047B927D713E2007359A9 /* FodamyTests.xctest */;
			productType = "com.apple.product-type.bundle.unit-test";
		};
		67A047C227D713E2007359A9 /* FodamyUITests */ = {
			isa = PBXNativeTarget;
			buildConfigurationList = 67A047D327D713E2007359A9 /* Build configuration list for PBXNativeTarget "FodamyUITests" */;
			buildPhases = (
				D4D0DA025EAF90BE6D4F2089 /* [CP] Check Pods Manifest.lock */,
				67A047BF27D713E2007359A9 /* Sources */,
				67A047C027D713E2007359A9 /* Frameworks */,
				67A047C127D713E2007359A9 /* Resources */,
				59FC2ABF528A91B7ED27992D /* [CP] Embed Pods Frameworks */,
			);
			buildRules = (
			);
			dependencies = (
				67A047C527D713E2007359A9 /* PBXTargetDependency */,
			);
			name = FodamyUITests;
			productName = FodamyUITests;
			productReference = 67A047C327D713E2007359A9 /* FodamyUITests.xctest */;
			productType = "com.apple.product-type.bundle.ui-testing";
		};
/* End PBXNativeTarget section */

/* Begin PBXProject section */
		67A0479B27D713E1007359A9 /* Project object */ = {
			isa = PBXProject;
			attributes = {
				BuildIndependentTargetsInParallel = 1;
				LastSwiftUpdateCheck = 1320;
				LastUpgradeCheck = 1320;
				TargetAttributes = {
					67A047A227D713E1007359A9 = {
						CreatedOnToolsVersion = 13.2.1;
						LastSwiftMigration = 1320;
					};
					67A047B827D713E2007359A9 = {
						CreatedOnToolsVersion = 13.2.1;
						TestTargetID = 67A047A227D713E1007359A9;
					};
					67A047C227D713E2007359A9 = {
						CreatedOnToolsVersion = 13.2.1;
						TestTargetID = 67A047A227D713E1007359A9;
					};
				};
			};
			buildConfigurationList = 67A0479E27D713E1007359A9 /* Build configuration list for PBXProject "Fodamy" */;
			compatibilityVersion = "Xcode 13.0";
			developmentRegion = en;
			hasScannedForEncodings = 0;
			knownRegions = (
				en,
				Base,
			);
			mainGroup = 67A0479A27D713E1007359A9;
			productRefGroup = 67A047A427D713E1007359A9 /* Products */;
			projectDirPath = "";
			projectRoot = "";
			targets = (
				67A047A227D713E1007359A9 /* Fodamy */,
				67A047B827D713E2007359A9 /* FodamyTests */,
				67A047C227D713E2007359A9 /* FodamyUITests */,
			);
		};
/* End PBXProject section */

/* Begin PBXResourcesBuildPhase section */
		67A047A127D713E1007359A9 /* Resources */ = {
			isa = PBXResourcesBuildPhase;
			buildActionMask = 2147483647;
			files = (
				67A047B327D713E2007359A9 /* LaunchScreen.storyboard in Resources */,
				67A047B027D713E2007359A9 /* Assets.xcassets in Resources */,
			);
			runOnlyForDeploymentPostprocessing = 0;
		};
		67A047B727D713E2007359A9 /* Resources */ = {
			isa = PBXResourcesBuildPhase;
			buildActionMask = 2147483647;
			files = (
			);
			runOnlyForDeploymentPostprocessing = 0;
		};
		67A047C127D713E2007359A9 /* Resources */ = {
			isa = PBXResourcesBuildPhase;
			buildActionMask = 2147483647;
			files = (
			);
			runOnlyForDeploymentPostprocessing = 0;
		};
/* End PBXResourcesBuildPhase section */

/* Begin PBXShellScriptBuildPhase section */
		59FC2ABF528A91B7ED27992D /* [CP] Embed Pods Frameworks */ = {
			isa = PBXShellScriptBuildPhase;
			buildActionMask = 2147483647;
			files = (
			);
			inputFileListPaths = (
				"${PODS_ROOT}/Target Support Files/Pods-Fodamy-FodamyUITests/Pods-Fodamy-FodamyUITests-frameworks-${CONFIGURATION}-input-files.xcfilelist",
			);
			name = "[CP] Embed Pods Frameworks";
			outputFileListPaths = (
				"${PODS_ROOT}/Target Support Files/Pods-Fodamy-FodamyUITests/Pods-Fodamy-FodamyUITests-frameworks-${CONFIGURATION}-output-files.xcfilelist",
			);
			runOnlyForDeploymentPostprocessing = 0;
			shellPath = /bin/sh;
			shellScript = "\"${PODS_ROOT}/Target Support Files/Pods-Fodamy-FodamyUITests/Pods-Fodamy-FodamyUITests-frameworks.sh\"\n";
			showEnvVarsInLog = 0;
		};
		67A047D627D71641007359A9 /* Run SwiftLint */ = {
			isa = PBXShellScriptBuildPhase;
			buildActionMask = 2147483647;
			files = (
			);
			inputFileListPaths = (
			);
			inputPaths = (
			);
			name = "Run SwiftLint";
			outputFileListPaths = (
			);
			outputPaths = (
			);
			runOnlyForDeploymentPostprocessing = 0;
			shellPath = /bin/sh;
			shellScript = "\"${PODS_ROOT}/SwiftLint/swiftlint\"\n";
		};
		6CF2DB35BDF8AE85080E817C /* [CP] Embed Pods Frameworks */ = {
			isa = PBXShellScriptBuildPhase;
			buildActionMask = 2147483647;
			files = (
			);
			inputFileListPaths = (
				"${PODS_ROOT}/Target Support Files/Pods-Fodamy/Pods-Fodamy-frameworks-${CONFIGURATION}-input-files.xcfilelist",
			);
			name = "[CP] Embed Pods Frameworks";
			outputFileListPaths = (
				"${PODS_ROOT}/Target Support Files/Pods-Fodamy/Pods-Fodamy-frameworks-${CONFIGURATION}-output-files.xcfilelist",
			);
			runOnlyForDeploymentPostprocessing = 0;
			shellPath = /bin/sh;
			shellScript = "\"${PODS_ROOT}/Target Support Files/Pods-Fodamy/Pods-Fodamy-frameworks.sh\"\n";
			showEnvVarsInLog = 0;
		};
		7DBC815400C8D98880F3C182 /* [CP] Check Pods Manifest.lock */ = {
			isa = PBXShellScriptBuildPhase;
			buildActionMask = 2147483647;
			files = (
			);
			inputFileListPaths = (
			);
			inputPaths = (
				"${PODS_PODFILE_DIR_PATH}/Podfile.lock",
				"${PODS_ROOT}/Manifest.lock",
			);
			name = "[CP] Check Pods Manifest.lock";
			outputFileListPaths = (
			);
			outputPaths = (
				"$(DERIVED_FILE_DIR)/Pods-Fodamy-checkManifestLockResult.txt",
			);
			runOnlyForDeploymentPostprocessing = 0;
			shellPath = /bin/sh;
			shellScript = "diff \"${PODS_PODFILE_DIR_PATH}/Podfile.lock\" \"${PODS_ROOT}/Manifest.lock\" > /dev/null\nif [ $? != 0 ] ; then\n    # print error to STDERR\n    echo \"error: The sandbox is not in sync with the Podfile.lock. Run 'pod install' or update your CocoaPods installation.\" >&2\n    exit 1\nfi\n# This output is used by Xcode 'outputs' to avoid re-running this script phase.\necho \"SUCCESS\" > \"${SCRIPT_OUTPUT_FILE_0}\"\n";
			showEnvVarsInLog = 0;
		};
		BB53AA0F9C40166B8D5CFD07 /* [CP] Check Pods Manifest.lock */ = {
			isa = PBXShellScriptBuildPhase;
			buildActionMask = 2147483647;
			files = (
			);
			inputFileListPaths = (
			);
			inputPaths = (
				"${PODS_PODFILE_DIR_PATH}/Podfile.lock",
				"${PODS_ROOT}/Manifest.lock",
			);
			name = "[CP] Check Pods Manifest.lock";
			outputFileListPaths = (
			);
			outputPaths = (
				"$(DERIVED_FILE_DIR)/Pods-FodamyTests-checkManifestLockResult.txt",
			);
			runOnlyForDeploymentPostprocessing = 0;
			shellPath = /bin/sh;
			shellScript = "diff \"${PODS_PODFILE_DIR_PATH}/Podfile.lock\" \"${PODS_ROOT}/Manifest.lock\" > /dev/null\nif [ $? != 0 ] ; then\n    # print error to STDERR\n    echo \"error: The sandbox is not in sync with the Podfile.lock. Run 'pod install' or update your CocoaPods installation.\" >&2\n    exit 1\nfi\n# This output is used by Xcode 'outputs' to avoid re-running this script phase.\necho \"SUCCESS\" > \"${SCRIPT_OUTPUT_FILE_0}\"\n";
			showEnvVarsInLog = 0;
		};
		D4D0DA025EAF90BE6D4F2089 /* [CP] Check Pods Manifest.lock */ = {
			isa = PBXShellScriptBuildPhase;
			buildActionMask = 2147483647;
			files = (
			);
			inputFileListPaths = (
			);
			inputPaths = (
				"${PODS_PODFILE_DIR_PATH}/Podfile.lock",
				"${PODS_ROOT}/Manifest.lock",
			);
			name = "[CP] Check Pods Manifest.lock";
			outputFileListPaths = (
			);
			outputPaths = (
				"$(DERIVED_FILE_DIR)/Pods-Fodamy-FodamyUITests-checkManifestLockResult.txt",
			);
			runOnlyForDeploymentPostprocessing = 0;
			shellPath = /bin/sh;
			shellScript = "diff \"${PODS_PODFILE_DIR_PATH}/Podfile.lock\" \"${PODS_ROOT}/Manifest.lock\" > /dev/null\nif [ $? != 0 ] ; then\n    # print error to STDERR\n    echo \"error: The sandbox is not in sync with the Podfile.lock. Run 'pod install' or update your CocoaPods installation.\" >&2\n    exit 1\nfi\n# This output is used by Xcode 'outputs' to avoid re-running this script phase.\necho \"SUCCESS\" > \"${SCRIPT_OUTPUT_FILE_0}\"\n";
			showEnvVarsInLog = 0;
		};
/* End PBXShellScriptBuildPhase section */

/* Begin PBXSourcesBuildPhase section */
		67A0479F27D713E1007359A9 /* Sources */ = {
			isa = PBXSourcesBuildPhase;
			buildActionMask = 2147483647;
			files = (
				67203B4E27F564EB001A0CBF /* LoginViewModel.swift in Sources */,
				674CD42A27E1B7B200834AA2 /* FavoritesRouter.swift in Sources */,
				674CD3D527DEC75100834AA2 /* RecipesViewModel.swift in Sources */,
				67203B0727F5572F001A0CBF /* Validation.swift in Sources */,
				674CD41B27DF8F2A00834AA2 /* RecipeCellModel+Extension.swift in Sources */,
				67A0486F27D71C5D007359A9 /* HomeRoute.swift in Sources */,
				67203B6127F56997001A0CBF /* RegisterRouter.swift in Sources */,
				677BE9AA27D8A0890071F9AB /* WalkThroughRouter.swift in Sources */,
				67326B9B27EC4C4A008BCF71 /* DetailRouter.swift in Sources */,
				67A0487027D71C5D007359A9 /* HomeViewModel.swift in Sources */,
				67A0485C27D719DC007359A9 /* ModalTransition.swift in Sources */,
				674CD3D427DEC75100834AA2 /* RecipesViewController.swift in Sources */,
				674CD3D327DEC75100834AA2 /* RecipesRouter.swift in Sources */,
				67A0485D27D719DC007359A9 /* PlaceOnWindowTransition.swift in Sources */,
				67A0485A27D719DC007359A9 /* Animator.swift in Sources */,
				67326BA227EC62E9008BCF71 /* DetailRoute.swift in Sources */,
				67203B5027F56620001A0CBF /* LoginRouter.swift in Sources */,
				67A0487327D71C5D007359A9 /* BaseViewController.swift in Sources */,
				674CD3FE27DF85E300834AA2 /* DataProvider.swift in Sources */,
				67203B5E27F56997001A0CBF /* RegisterViewModel.swift in Sources */,
				67A0487227D71C5D007359A9 /* HomeRouter.swift in Sources */,
				674CD3D727DEC78000834AA2 /* RecipesRoute.swift in Sources */,
				67203B4C27F56447001A0CBF /* LoginViewController.swift in Sources */,
				67A0485B27D719DC007359A9 /* Router.swift in Sources */,
				67326BD627EF7A1D008BCF71 /* LoginPopUpGeneratorRoute.swift in Sources */,
				677BE9AB27D8A0890071F9AB /* WalkThroughViewController.swift in Sources */,
				674CD42B27E1B7B200834AA2 /* FavoritesViewController.swift in Sources */,
				674CD42C27E1B7B200834AA2 /* FavoritesViewModel.swift in Sources */,
				67326BD327EF7948008BCF71 /* LoginPopUpGeneratorViewController.swift in Sources */,
				677BE9C827DA262E0071F9AB /* MainNavigationController.swift in Sources */,
				67326BD427EF7948008BCF71 /* LoginPopUpGeneratorViewModel.swift in Sources */,
				67326BF427F1F3C9008BCF71 /* CommentCellModel+Extension.swift in Sources */,
				677BE9AC27D8A0890071F9AB /* WalkThroughViewModel.swift in Sources */,
				67326BD227EF7948008BCF71 /* LoginPopUpGeneratorRouter.swift in Sources */,
				674CD3FA27DF85AC00834AA2 /* ApiLogger.swift in Sources */,
				67A047A727D713E1007359A9 /* AppDelegate.swift in Sources */,
				67A0485E27D719DC007359A9 /* Transition.swift in Sources */,
				67203B5227F56679001A0CBF /* LoginRoute.swift in Sources */,
				67326B9D27EC4C4A008BCF71 /* DetailViewModel.swift in Sources */,
				677BE9CD27DA3DE80071F9AB /* MainTabBarRoute.swift in Sources */,
				677BE9C627DA239A0071F9AB /* MainTabBarController.swift in Sources */,
				67326B9C27EC4C4A008BCF71 /* DetailViewController.swift in Sources */,
				67203B5F27F56997001A0CBF /* RegisterViewController.swift in Sources */,
				67A0487427D71C5D007359A9 /* BaseViewModel.swift in Sources */,
				6734641127E8E0CF00F4487B /* FavoritesRecipeCellModel+Extension.swift in Sources */,
				6734640F27E8DE9400F4487B /* FavoritesCellModel+Extension.swift in Sources */,
				67A0485F27D719DC007359A9 /* PushTransition.swift in Sources */,
				67A0485927D719DC007359A9 /* AppRouter.swift in Sources */,
				677BE9AE27D8A2340071F9AB /* WalkThroughRoute.swift in Sources */,
				674CD3FC27DF85CA00834AA2 /* ApiRequestInterceptor.swift in Sources */,
				67A0487127D71C5D007359A9 /* HomeViewController.swift in Sources */,
				67203B6027F56997001A0CBF /* RegisterRoute.swift in Sources */,
			);
			runOnlyForDeploymentPostprocessing = 0;
		};
		67A047B527D713E2007359A9 /* Sources */ = {
			isa = PBXSourcesBuildPhase;
			buildActionMask = 2147483647;
			files = (
				67A047BE27D713E2007359A9 /* FodamyTests.swift in Sources */,
			);
			runOnlyForDeploymentPostprocessing = 0;
		};
		67A047BF27D713E2007359A9 /* Sources */ = {
			isa = PBXSourcesBuildPhase;
			buildActionMask = 2147483647;
			files = (
				67A047CA27D713E2007359A9 /* FodamyUITestsLaunchTests.swift in Sources */,
				67A047C827D713E2007359A9 /* FodamyUITests.swift in Sources */,
			);
			runOnlyForDeploymentPostprocessing = 0;
		};
/* End PBXSourcesBuildPhase section */

/* Begin PBXTargetDependency section */
		67A047BB27D713E2007359A9 /* PBXTargetDependency */ = {
			isa = PBXTargetDependency;
			target = 67A047A227D713E1007359A9 /* Fodamy */;
			targetProxy = 67A047BA27D713E2007359A9 /* PBXContainerItemProxy */;
		};
		67A047C527D713E2007359A9 /* PBXTargetDependency */ = {
			isa = PBXTargetDependency;
			target = 67A047A227D713E1007359A9 /* Fodamy */;
			targetProxy = 67A047C427D713E2007359A9 /* PBXContainerItemProxy */;
		};
/* End PBXTargetDependency section */

/* Begin PBXVariantGroup section */
		67A047B127D713E2007359A9 /* LaunchScreen.storyboard */ = {
			isa = PBXVariantGroup;
			children = (
				67A047B227D713E2007359A9 /* Base */,
			);
			name = LaunchScreen.storyboard;
			sourceTree = "<group>";
		};
/* End PBXVariantGroup section */

/* Begin XCBuildConfiguration section */
		67A047CB27D713E2007359A9 /* Debug */ = {
			isa = XCBuildConfiguration;
			buildSettings = {
				ALWAYS_SEARCH_USER_PATHS = NO;
				CLANG_ANALYZER_NONNULL = YES;
				CLANG_ANALYZER_NUMBER_OBJECT_CONVERSION = YES_AGGRESSIVE;
				CLANG_CXX_LANGUAGE_STANDARD = "gnu++17";
				CLANG_CXX_LIBRARY = "libc++";
				CLANG_ENABLE_MODULES = YES;
				CLANG_ENABLE_OBJC_ARC = YES;
				CLANG_ENABLE_OBJC_WEAK = YES;
				CLANG_WARN_BLOCK_CAPTURE_AUTORELEASING = YES;
				CLANG_WARN_BOOL_CONVERSION = YES;
				CLANG_WARN_COMMA = YES;
				CLANG_WARN_CONSTANT_CONVERSION = YES;
				CLANG_WARN_DEPRECATED_OBJC_IMPLEMENTATIONS = YES;
				CLANG_WARN_DIRECT_OBJC_ISA_USAGE = YES_ERROR;
				CLANG_WARN_DOCUMENTATION_COMMENTS = YES;
				CLANG_WARN_EMPTY_BODY = YES;
				CLANG_WARN_ENUM_CONVERSION = YES;
				CLANG_WARN_INFINITE_RECURSION = YES;
				CLANG_WARN_INT_CONVERSION = YES;
				CLANG_WARN_NON_LITERAL_NULL_CONVERSION = YES;
				CLANG_WARN_OBJC_IMPLICIT_RETAIN_SELF = YES;
				CLANG_WARN_OBJC_LITERAL_CONVERSION = YES;
				CLANG_WARN_OBJC_ROOT_CLASS = YES_ERROR;
				CLANG_WARN_QUOTED_INCLUDE_IN_FRAMEWORK_HEADER = YES;
				CLANG_WARN_RANGE_LOOP_ANALYSIS = YES;
				CLANG_WARN_STRICT_PROTOTYPES = YES;
				CLANG_WARN_SUSPICIOUS_MOVE = YES;
				CLANG_WARN_UNGUARDED_AVAILABILITY = YES_AGGRESSIVE;
				CLANG_WARN_UNREACHABLE_CODE = YES;
				CLANG_WARN__DUPLICATE_METHOD_MATCH = YES;
				COPY_PHASE_STRIP = NO;
				DEBUG_INFORMATION_FORMAT = dwarf;
				ENABLE_STRICT_OBJC_MSGSEND = YES;
				ENABLE_TESTABILITY = YES;
				"EXCLUDED_ARCHS[sdk=iphonesimulator*]" = arm64;
				GCC_C_LANGUAGE_STANDARD = gnu11;
				GCC_DYNAMIC_NO_PIC = NO;
				GCC_NO_COMMON_BLOCKS = YES;
				GCC_OPTIMIZATION_LEVEL = 0;
				GCC_PREPROCESSOR_DEFINITIONS = (
					"DEBUG=1",
					"$(inherited)",
				);
				GCC_WARN_64_TO_32_BIT_CONVERSION = YES;
				GCC_WARN_ABOUT_RETURN_TYPE = YES_ERROR;
				GCC_WARN_UNDECLARED_SELECTOR = YES;
				GCC_WARN_UNINITIALIZED_AUTOS = YES_AGGRESSIVE;
				GCC_WARN_UNUSED_FUNCTION = YES;
				GCC_WARN_UNUSED_VARIABLE = YES;
				IPHONEOS_DEPLOYMENT_TARGET = 11.0;
				MTL_ENABLE_DEBUG_INFO = INCLUDE_SOURCE;
				MTL_FAST_MATH = YES;
				ONLY_ACTIVE_ARCH = YES;
				SDKROOT = iphoneos;
				SWIFT_ACTIVE_COMPILATION_CONDITIONS = DEBUG;
				SWIFT_OPTIMIZATION_LEVEL = "-Onone";
			};
			name = Debug;
		};
		67A047CC27D713E2007359A9 /* Release */ = {
			isa = XCBuildConfiguration;
			buildSettings = {
				ALWAYS_SEARCH_USER_PATHS = NO;
				CLANG_ANALYZER_NONNULL = YES;
				CLANG_ANALYZER_NUMBER_OBJECT_CONVERSION = YES_AGGRESSIVE;
				CLANG_CXX_LANGUAGE_STANDARD = "gnu++17";
				CLANG_CXX_LIBRARY = "libc++";
				CLANG_ENABLE_MODULES = YES;
				CLANG_ENABLE_OBJC_ARC = YES;
				CLANG_ENABLE_OBJC_WEAK = YES;
				CLANG_WARN_BLOCK_CAPTURE_AUTORELEASING = YES;
				CLANG_WARN_BOOL_CONVERSION = YES;
				CLANG_WARN_COMMA = YES;
				CLANG_WARN_CONSTANT_CONVERSION = YES;
				CLANG_WARN_DEPRECATED_OBJC_IMPLEMENTATIONS = YES;
				CLANG_WARN_DIRECT_OBJC_ISA_USAGE = YES_ERROR;
				CLANG_WARN_DOCUMENTATION_COMMENTS = YES;
				CLANG_WARN_EMPTY_BODY = YES;
				CLANG_WARN_ENUM_CONVERSION = YES;
				CLANG_WARN_INFINITE_RECURSION = YES;
				CLANG_WARN_INT_CONVERSION = YES;
				CLANG_WARN_NON_LITERAL_NULL_CONVERSION = YES;
				CLANG_WARN_OBJC_IMPLICIT_RETAIN_SELF = YES;
				CLANG_WARN_OBJC_LITERAL_CONVERSION = YES;
				CLANG_WARN_OBJC_ROOT_CLASS = YES_ERROR;
				CLANG_WARN_QUOTED_INCLUDE_IN_FRAMEWORK_HEADER = YES;
				CLANG_WARN_RANGE_LOOP_ANALYSIS = YES;
				CLANG_WARN_STRICT_PROTOTYPES = YES;
				CLANG_WARN_SUSPICIOUS_MOVE = YES;
				CLANG_WARN_UNGUARDED_AVAILABILITY = YES_AGGRESSIVE;
				CLANG_WARN_UNREACHABLE_CODE = YES;
				CLANG_WARN__DUPLICATE_METHOD_MATCH = YES;
				COPY_PHASE_STRIP = NO;
				DEBUG_INFORMATION_FORMAT = "dwarf-with-dsym";
				ENABLE_NS_ASSERTIONS = NO;
				ENABLE_STRICT_OBJC_MSGSEND = YES;
				"EXCLUDED_ARCHS[sdk=iphonesimulator*]" = arm64;
				GCC_C_LANGUAGE_STANDARD = gnu11;
				GCC_NO_COMMON_BLOCKS = YES;
				GCC_WARN_64_TO_32_BIT_CONVERSION = YES;
				GCC_WARN_ABOUT_RETURN_TYPE = YES_ERROR;
				GCC_WARN_UNDECLARED_SELECTOR = YES;
				GCC_WARN_UNINITIALIZED_AUTOS = YES_AGGRESSIVE;
				GCC_WARN_UNUSED_FUNCTION = YES;
				GCC_WARN_UNUSED_VARIABLE = YES;
				IPHONEOS_DEPLOYMENT_TARGET = 11.0;
				MTL_ENABLE_DEBUG_INFO = NO;
				MTL_FAST_MATH = YES;
				ONLY_ACTIVE_ARCH = YES;
				SDKROOT = iphoneos;
				SWIFT_COMPILATION_MODE = wholemodule;
				SWIFT_OPTIMIZATION_LEVEL = "-O";
				VALIDATE_PRODUCT = YES;
			};
			name = Release;
		};
		67A047CE27D713E2007359A9 /* Debug */ = {
			isa = XCBuildConfiguration;
			baseConfigurationReference = E19014A40637D22E47A335F9 /* Pods-Fodamy.debug.xcconfig */;
			buildSettings = {
				ASSETCATALOG_COMPILER_APPICON_NAME = AppIcon;
				ASSETCATALOG_COMPILER_GLOBAL_ACCENT_COLOR_NAME = AccentColor;
				CLANG_ENABLE_MODULES = YES;
				CODE_SIGN_STYLE = Automatic;
				CURRENT_PROJECT_VERSION = 1;
				DEVELOPMENT_TEAM = BNK334U5U9;
				GENERATE_INFOPLIST_FILE = YES;
				INFOPLIST_FILE = Fodamy/Configurations/Release/Info.plist;
				INFOPLIST_KEY_UIApplicationSupportsIndirectInputEvents = YES;
				INFOPLIST_KEY_UILaunchStoryboardName = LaunchScreen;
				INFOPLIST_KEY_UIMainStoryboardFile = "";
				INFOPLIST_KEY_UISupportedInterfaceOrientations_iPad = "UIInterfaceOrientationPortrait UIInterfaceOrientationPortraitUpsideDown UIInterfaceOrientationLandscapeLeft UIInterfaceOrientationLandscapeRight";
				INFOPLIST_KEY_UISupportedInterfaceOrientations_iPhone = "UIInterfaceOrientationPortrait UIInterfaceOrientationLandscapeLeft UIInterfaceOrientationLandscapeRight";
				LD_RUNPATH_SEARCH_PATHS = (
					"$(inherited)",
					"@executable_path/Frameworks",
				);
				MARKETING_VERSION = 1.0;
				PRODUCT_BUNDLE_IDENTIFIER = com.mehmetsalihcelik.Fodamy;
				PRODUCT_NAME = "$(TARGET_NAME)";
				SWIFT_EMIT_LOC_STRINGS = YES;
				SWIFT_OBJC_BRIDGING_HEADER = "Fodamy/Configurations/BridgingHeader/Fodamy-Bridging-Header.h";
				SWIFT_OPTIMIZATION_LEVEL = "-Onone";
				SWIFT_VERSION = 5.0;
				TARGETED_DEVICE_FAMILY = "1,2";
			};
			name = Debug;
		};
		67A047CF27D713E2007359A9 /* Release */ = {
			isa = XCBuildConfiguration;
			baseConfigurationReference = 07BAA15A1DA2E01D72FC1D1C /* Pods-Fodamy.release.xcconfig */;
			buildSettings = {
				ASSETCATALOG_COMPILER_APPICON_NAME = AppIcon;
				ASSETCATALOG_COMPILER_GLOBAL_ACCENT_COLOR_NAME = AccentColor;
				CLANG_ENABLE_MODULES = YES;
				CODE_SIGN_STYLE = Automatic;
				CURRENT_PROJECT_VERSION = 1;
				DEVELOPMENT_TEAM = BNK334U5U9;
				GENERATE_INFOPLIST_FILE = YES;
				INFOPLIST_FILE = Fodamy/Configurations/Release/Info.plist;
				INFOPLIST_KEY_UIApplicationSupportsIndirectInputEvents = YES;
				INFOPLIST_KEY_UILaunchStoryboardName = LaunchScreen;
				INFOPLIST_KEY_UIMainStoryboardFile = "";
				INFOPLIST_KEY_UISupportedInterfaceOrientations_iPad = "UIInterfaceOrientationPortrait UIInterfaceOrientationPortraitUpsideDown UIInterfaceOrientationLandscapeLeft UIInterfaceOrientationLandscapeRight";
				INFOPLIST_KEY_UISupportedInterfaceOrientations_iPhone = "UIInterfaceOrientationPortrait UIInterfaceOrientationLandscapeLeft UIInterfaceOrientationLandscapeRight";
				LD_RUNPATH_SEARCH_PATHS = (
					"$(inherited)",
					"@executable_path/Frameworks",
				);
				MARKETING_VERSION = 1.0;
				PRODUCT_BUNDLE_IDENTIFIER = com.mehmetsalihcelik.Fodamy;
				PRODUCT_NAME = "$(TARGET_NAME)";
				SWIFT_EMIT_LOC_STRINGS = YES;
				SWIFT_OBJC_BRIDGING_HEADER = "Fodamy/Configurations/BridgingHeader/Fodamy-Bridging-Header.h";
				SWIFT_VERSION = 5.0;
				TARGETED_DEVICE_FAMILY = "1,2";
			};
			name = Release;
		};
		67A047D127D713E2007359A9 /* Debug */ = {
			isa = XCBuildConfiguration;
			baseConfigurationReference = 6A1F15117986C717948B262F /* Pods-FodamyTests.debug.xcconfig */;
			buildSettings = {
				ALWAYS_EMBED_SWIFT_STANDARD_LIBRARIES = YES;
				BUNDLE_LOADER = "$(TEST_HOST)";
				CODE_SIGN_STYLE = Automatic;
				CURRENT_PROJECT_VERSION = 1;
				DEVELOPMENT_TEAM = BNK334U5U9;
				GENERATE_INFOPLIST_FILE = YES;
				IPHONEOS_DEPLOYMENT_TARGET = 15.2;
				MARKETING_VERSION = 1.0;
				PRODUCT_BUNDLE_IDENTIFIER = com.mehmetsalihcelik.FodamyTests;
				PRODUCT_NAME = "$(TARGET_NAME)";
				SWIFT_EMIT_LOC_STRINGS = NO;
				SWIFT_VERSION = 5.0;
				TARGETED_DEVICE_FAMILY = "1,2";
				TEST_HOST = "$(BUILT_PRODUCTS_DIR)/Fodamy.app/Fodamy";
			};
			name = Debug;
		};
		67A047D227D713E2007359A9 /* Release */ = {
			isa = XCBuildConfiguration;
			baseConfigurationReference = 11546548245DAEE1177F7BDE /* Pods-FodamyTests.release.xcconfig */;
			buildSettings = {
				ALWAYS_EMBED_SWIFT_STANDARD_LIBRARIES = YES;
				BUNDLE_LOADER = "$(TEST_HOST)";
				CODE_SIGN_STYLE = Automatic;
				CURRENT_PROJECT_VERSION = 1;
				DEVELOPMENT_TEAM = BNK334U5U9;
				GENERATE_INFOPLIST_FILE = YES;
				IPHONEOS_DEPLOYMENT_TARGET = 15.2;
				MARKETING_VERSION = 1.0;
				PRODUCT_BUNDLE_IDENTIFIER = com.mehmetsalihcelik.FodamyTests;
				PRODUCT_NAME = "$(TARGET_NAME)";
				SWIFT_EMIT_LOC_STRINGS = NO;
				SWIFT_VERSION = 5.0;
				TARGETED_DEVICE_FAMILY = "1,2";
				TEST_HOST = "$(BUILT_PRODUCTS_DIR)/Fodamy.app/Fodamy";
			};
			name = Release;
		};
		67A047D427D713E2007359A9 /* Debug */ = {
			isa = XCBuildConfiguration;
			baseConfigurationReference = B21074A0B33C216DAF6BA93A /* Pods-Fodamy-FodamyUITests.debug.xcconfig */;
			buildSettings = {
				ALWAYS_EMBED_SWIFT_STANDARD_LIBRARIES = YES;
				CODE_SIGN_STYLE = Automatic;
				CURRENT_PROJECT_VERSION = 1;
				DEVELOPMENT_TEAM = BNK334U5U9;
				GENERATE_INFOPLIST_FILE = YES;
				MARKETING_VERSION = 1.0;
				PRODUCT_BUNDLE_IDENTIFIER = com.mehmetsalihcelik.FodamyUITests;
				PRODUCT_NAME = "$(TARGET_NAME)";
				SWIFT_EMIT_LOC_STRINGS = NO;
				SWIFT_VERSION = 5.0;
				TARGETED_DEVICE_FAMILY = "1,2";
				TEST_TARGET_NAME = Fodamy;
			};
			name = Debug;
		};
		67A047D527D713E2007359A9 /* Release */ = {
			isa = XCBuildConfiguration;
			baseConfigurationReference = A1D6CF5C00D998C7DFA0A564 /* Pods-Fodamy-FodamyUITests.release.xcconfig */;
			buildSettings = {
				ALWAYS_EMBED_SWIFT_STANDARD_LIBRARIES = YES;
				CODE_SIGN_STYLE = Automatic;
				CURRENT_PROJECT_VERSION = 1;
				DEVELOPMENT_TEAM = BNK334U5U9;
				GENERATE_INFOPLIST_FILE = YES;
				MARKETING_VERSION = 1.0;
				PRODUCT_BUNDLE_IDENTIFIER = com.mehmetsalihcelik.FodamyUITests;
				PRODUCT_NAME = "$(TARGET_NAME)";
				SWIFT_EMIT_LOC_STRINGS = NO;
				SWIFT_VERSION = 5.0;
				TARGETED_DEVICE_FAMILY = "1,2";
				TEST_TARGET_NAME = Fodamy;
			};
			name = Release;
		};
/* End XCBuildConfiguration section */

/* Begin XCConfigurationList section */
		67A0479E27D713E1007359A9 /* Build configuration list for PBXProject "Fodamy" */ = {
			isa = XCConfigurationList;
			buildConfigurations = (
				67A047CB27D713E2007359A9 /* Debug */,
				67A047CC27D713E2007359A9 /* Release */,
			);
			defaultConfigurationIsVisible = 0;
			defaultConfigurationName = Release;
		};
		67A047CD27D713E2007359A9 /* Build configuration list for PBXNativeTarget "Fodamy" */ = {
			isa = XCConfigurationList;
			buildConfigurations = (
				67A047CE27D713E2007359A9 /* Debug */,
				67A047CF27D713E2007359A9 /* Release */,
			);
			defaultConfigurationIsVisible = 0;
			defaultConfigurationName = Release;
		};
		67A047D027D713E2007359A9 /* Build configuration list for PBXNativeTarget "FodamyTests" */ = {
			isa = XCConfigurationList;
			buildConfigurations = (
				67A047D127D713E2007359A9 /* Debug */,
				67A047D227D713E2007359A9 /* Release */,
			);
			defaultConfigurationIsVisible = 0;
			defaultConfigurationName = Release;
		};
		67A047D327D713E2007359A9 /* Build configuration list for PBXNativeTarget "FodamyUITests" */ = {
			isa = XCConfigurationList;
			buildConfigurations = (
				67A047D427D713E2007359A9 /* Debug */,
				67A047D527D713E2007359A9 /* Release */,
			);
			defaultConfigurationIsVisible = 0;
			defaultConfigurationName = Release;
		};
/* End XCConfigurationList section */
	};
	rootObject = 67A0479B27D713E1007359A9 /* Project object */;
}
