// !$*UTF8*$!
{
	archiveVersion = 1;
	classes = {
	};
	objectVersion = 55;
	objects = {

/* Begin PBXBuildFile section */
		67203B0427F555AA001A0CBF /* Auth.swift in Sources */ = {isa = PBXBuildFile; fileRef = 67203B0327F555AA001A0CBF /* Auth.swift */; };
		67203B5727F5689E001A0CBF /* RegisterRequest.swift in Sources */ = {isa = PBXBuildFile; fileRef = 67203B5627F5689E001A0CBF /* RegisterRequest.swift */; };
		67203B4927F56352001A0CBF /* LoginRequest.swift in Sources */ = {isa = PBXBuildFile; fileRef = 67203B4827F56352001A0CBF /* LoginRequest.swift */; };
		67326BB727EDB1C1008BCF71 /* GetDetailRequest.swift in Sources */ = {isa = PBXBuildFile; fileRef = 67326BB627EDB1C1008BCF71 /* GetDetailRequest.swift */; };
		67326BBA27EDB22E008BCF71 /* GetDetailResponse.swift in Sources */ = {isa = PBXBuildFile; fileRef = 67326BB927EDB22E008BCF71 /* GetDetailResponse.swift */; };
		67326BBC27EDB2E6008BCF71 /* TimeOfRecipe.swift in Sources */ = {isa = PBXBuildFile; fileRef = 67326BBB27EDB2E6008BCF71 /* TimeOfRecipe.swift */; };
		67326BBE27EDB3B7008BCF71 /* NumberOfPerson.swift in Sources */ = {isa = PBXBuildFile; fileRef = 67326BBD27EDB3B7008BCF71 /* NumberOfPerson.swift */; };
		67326BC027EF5599008BCF71 /* GetCommentRequest.swift in Sources */ = {isa = PBXBuildFile; fileRef = 67326BBF27EF5599008BCF71 /* GetCommentRequest.swift */; };
		67326BC227EF5688008BCF71 /* GetCommentResponse.swift in Sources */ = {isa = PBXBuildFile; fileRef = 67326BC127EF5688008BCF71 /* GetCommentResponse.swift */; };
		674CD40627DF87B200834AA2 /* User.swift in Sources */ = {isa = PBXBuildFile; fileRef = 674CD40527DF87B200834AA2 /* User.swift */; };
		674CD40827DF883400834AA2 /* Recipe.swift in Sources */ = {isa = PBXBuildFile; fileRef = 674CD40727DF883400834AA2 /* Recipe.swift */; };
		674CD40A27DF895800834AA2 /* CategoryDetail.swift in Sources */ = {isa = PBXBuildFile; fileRef = 674CD40927DF895800834AA2 /* CategoryDetail.swift */; };
		674CD40C27DF89AE00834AA2 /* Image.swift in Sources */ = {isa = PBXBuildFile; fileRef = 674CD40B27DF89AE00834AA2 /* Image.swift */; };
		674CD41527DF8D8400834AA2 /* BaseResponse.swift in Sources */ = {isa = PBXBuildFile; fileRef = 674CD41427DF8D8400834AA2 /* BaseResponse.swift */; };
		674CD41727DF8D9B00834AA2 /* Pagination.swift in Sources */ = {isa = PBXBuildFile; fileRef = 674CD41627DF8D9B00834AA2 /* Pagination.swift */; };
		674CD41F27E074F600834AA2 /* GetEditorChoiceRequest.swift in Sources */ = {isa = PBXBuildFile; fileRef = 674CD41E27E074F600834AA2 /* GetEditorChoiceRequest.swift */; };
		674CD42127E0750900834AA2 /* ListType.swift in Sources */ = {isa = PBXBuildFile; fileRef = 674CD42027E0750900834AA2 /* ListType.swift */; };
		674CD42327E0774C00834AA2 /* GetLastAddedRequest.swift in Sources */ = {isa = PBXBuildFile; fileRef = 674CD42227E0774C00834AA2 /* GetLastAddedRequest.swift */; };
		674CD42527E0783C00834AA2 /* GetCategoryRequest.swift in Sources */ = {isa = PBXBuildFile; fileRef = 674CD42427E0783C00834AA2 /* GetCategoryRequest.swift */; };
		674CD47727E4A66E00834AA2 /* RecipeCategories.swift in Sources */ = {isa = PBXBuildFile; fileRef = 674CD47627E4A66E00834AA2 /* RecipeCategories.swift */; };
		674CD47927E4A79500834AA2 /* RecipeCategoriesData.swift in Sources */ = {isa = PBXBuildFile; fileRef = 674CD47827E4A79500834AA2 /* RecipeCategoriesData.swift */; };
		674CD47B27E4C8A900834AA2 /* GetRecipeCategoriesRequest.swift in Sources */ = {isa = PBXBuildFile; fileRef = 674CD47A27E4C8A900834AA2 /* GetRecipeCategoriesRequest.swift */; };
		674CD47D27E8027700834AA2 /* CategoryImage.swift in Sources */ = {isa = PBXBuildFile; fileRef = 674CD47C27E8027700834AA2 /* CategoryImage.swift */; };
		67A047E627D717AB007359A9 /* DataProvider.docc in Sources */ = {isa = PBXBuildFile; fileRef = 67A047E527D717AB007359A9 /* DataProvider.docc */; };
		67A047EC27D717AB007359A9 /* DataProvider.framework in Frameworks */ = {isa = PBXBuildFile; fileRef = 67A047E127D717AB007359A9 /* DataProvider.framework */; };
		67A047F127D717AB007359A9 /* DataProviderTests.swift in Sources */ = {isa = PBXBuildFile; fileRef = 67A047F027D717AB007359A9 /* DataProviderTests.swift */; };
		67A047F227D717AB007359A9 /* DataProvider.h in Headers */ = {isa = PBXBuildFile; fileRef = 67A047E427D717AB007359A9 /* DataProvider.h */; settings = {ATTRIBUTES = (Public, ); }; };
		67A048A727D72749007359A9 /* DecodableResponseRequest.swift in Sources */ = {isa = PBXBuildFile; fileRef = 67A0489D27D72749007359A9 /* DecodableResponseRequest.swift */; };
		67A048A827D72749007359A9 /* Typealias.swift in Sources */ = {isa = PBXBuildFile; fileRef = 67A0489E27D72749007359A9 /* Typealias.swift */; };
		67A048A927D72749007359A9 /* RequestProtocol.swift in Sources */ = {isa = PBXBuildFile; fileRef = 67A0489F27D72749007359A9 /* RequestProtocol.swift */; };
		67A048AA27D72749007359A9 /* RequestMethod.swift in Sources */ = {isa = PBXBuildFile; fileRef = 67A048A027D72749007359A9 /* RequestMethod.swift */; };
		67A048AB27D72749007359A9 /* RequestEncoding.swift in Sources */ = {isa = PBXBuildFile; fileRef = 67A048A127D72749007359A9 /* RequestEncoding.swift */; };
		67A048AC27D72749007359A9 /* DataProviderProtocol.swift in Sources */ = {isa = PBXBuildFile; fileRef = 67A048A227D72749007359A9 /* DataProviderProtocol.swift */; };
		67A048AD27D72749007359A9 /* ApiDataProvider.swift in Sources */ = {isa = PBXBuildFile; fileRef = 67A048A427D72749007359A9 /* ApiDataProvider.swift */; };
		67A048AE27D72749007359A9 /* ApiRequestAdapter.swift in Sources */ = {isa = PBXBuildFile; fileRef = 67A048A527D72749007359A9 /* ApiRequestAdapter.swift */; };
		67A048AF27D72749007359A9 /* ApiDecodableResponseRequest.swift in Sources */ = {isa = PBXBuildFile; fileRef = 67A048A627D72749007359A9 /* ApiDecodableResponseRequest.swift */; };
		BAC51CF64170FC3C189D2E07 /* Pods_DataProvider.framework in Frameworks */ = {isa = PBXBuildFile; fileRef = D1389B436106B58E9F913606 /* Pods_DataProvider.framework */; };
		CDB957A0A49E4F61DEF08B03 /* Pods_DataProviderTests.framework in Frameworks */ = {isa = PBXBuildFile; fileRef = 936A30E601D1160C8B835AA6 /* Pods_DataProviderTests.framework */; };
/* End PBXBuildFile section */

/* Begin PBXContainerItemProxy section */
		67A047ED27D717AB007359A9 /* PBXContainerItemProxy */ = {
			isa = PBXContainerItemProxy;
			containerPortal = 67A047D827D717AB007359A9 /* Project object */;
			proxyType = 1;
			remoteGlobalIDString = 67A047E027D717AB007359A9;
			remoteInfo = DataProvider;
		};
/* End PBXContainerItemProxy section */

/* Begin PBXFileReference section */
		051E11E6484FA701EAF089B2 /* Pods-DataProvider.debug.xcconfig */ = {isa = PBXFileReference; includeInIndex = 1; lastKnownFileType = text.xcconfig; name = "Pods-DataProvider.debug.xcconfig"; path = "Target Support Files/Pods-DataProvider/Pods-DataProvider.debug.xcconfig"; sourceTree = "<group>"; };
		27EE6CB5C2BB335FA991E76A /* Pods-DataProviderTests.debug.xcconfig */ = {isa = PBXFileReference; includeInIndex = 1; lastKnownFileType = text.xcconfig; name = "Pods-DataProviderTests.debug.xcconfig"; path = "Target Support Files/Pods-DataProviderTests/Pods-DataProviderTests.debug.xcconfig"; sourceTree = "<group>"; };
		67203B0327F555AA001A0CBF /* Auth.swift */ = {isa = PBXFileReference; lastKnownFileType = sourcecode.swift; path = Auth.swift; sourceTree = "<group>"; };
		67203B4827F56352001A0CBF /* LoginRequest.swift */ = {isa = PBXFileReference; lastKnownFileType = sourcecode.swift; path = LoginRequest.swift; sourceTree = "<group>"; };
		67203B5627F5689E001A0CBF /* RegisterRequest.swift */ = {isa = PBXFileReference; lastKnownFileType = sourcecode.swift; path = RegisterRequest.swift; sourceTree = "<group>"; };
		67326BB627EDB1C1008BCF71 /* GetDetailRequest.swift */ = {isa = PBXFileReference; lastKnownFileType = sourcecode.swift; path = GetDetailRequest.swift; sourceTree = "<group>"; };
		67326BB927EDB22E008BCF71 /* GetDetailResponse.swift */ = {isa = PBXFileReference; lastKnownFileType = sourcecode.swift; path = GetDetailResponse.swift; sourceTree = "<group>"; };
		67326BBB27EDB2E6008BCF71 /* TimeOfRecipe.swift */ = {isa = PBXFileReference; lastKnownFileType = sourcecode.swift; path = TimeOfRecipe.swift; sourceTree = "<group>"; };
		67326BBD27EDB3B7008BCF71 /* NumberOfPerson.swift */ = {isa = PBXFileReference; lastKnownFileType = sourcecode.swift; path = NumberOfPerson.swift; sourceTree = "<group>"; };
		67326BBF27EF5599008BCF71 /* GetCommentRequest.swift */ = {isa = PBXFileReference; lastKnownFileType = sourcecode.swift; path = GetCommentRequest.swift; sourceTree = "<group>"; };
		67326BC127EF5688008BCF71 /* GetCommentResponse.swift */ = {isa = PBXFileReference; lastKnownFileType = sourcecode.swift; path = GetCommentResponse.swift; sourceTree = "<group>"; };
		674CD40527DF87B200834AA2 /* User.swift */ = {isa = PBXFileReference; lastKnownFileType = sourcecode.swift; path = User.swift; sourceTree = "<group>"; };
		674CD40727DF883400834AA2 /* Recipe.swift */ = {isa = PBXFileReference; lastKnownFileType = sourcecode.swift; path = Recipe.swift; sourceTree = "<group>"; };
		674CD40927DF895800834AA2 /* CategoryDetail.swift */ = {isa = PBXFileReference; lastKnownFileType = sourcecode.swift; path = CategoryDetail.swift; sourceTree = "<group>"; };
		674CD40B27DF89AE00834AA2 /* Image.swift */ = {isa = PBXFileReference; lastKnownFileType = sourcecode.swift; path = Image.swift; sourceTree = "<group>"; };
		674CD41427DF8D8400834AA2 /* BaseResponse.swift */ = {isa = PBXFileReference; lastKnownFileType = sourcecode.swift; path = BaseResponse.swift; sourceTree = "<group>"; };
		674CD41627DF8D9B00834AA2 /* Pagination.swift */ = {isa = PBXFileReference; lastKnownFileType = sourcecode.swift; path = Pagination.swift; sourceTree = "<group>"; };
		674CD41E27E074F600834AA2 /* GetEditorChoiceRequest.swift */ = {isa = PBXFileReference; lastKnownFileType = sourcecode.swift; path = GetEditorChoiceRequest.swift; sourceTree = "<group>"; };
		674CD42027E0750900834AA2 /* ListType.swift */ = {isa = PBXFileReference; lastKnownFileType = sourcecode.swift; path = ListType.swift; sourceTree = "<group>"; };
		674CD42227E0774C00834AA2 /* GetLastAddedRequest.swift */ = {isa = PBXFileReference; lastKnownFileType = sourcecode.swift; path = GetLastAddedRequest.swift; sourceTree = "<group>"; };
		674CD42427E0783C00834AA2 /* GetCategoryRequest.swift */ = {isa = PBXFileReference; lastKnownFileType = sourcecode.swift; path = GetCategoryRequest.swift; sourceTree = "<group>"; };
		674CD47627E4A66E00834AA2 /* RecipeCategories.swift */ = {isa = PBXFileReference; lastKnownFileType = sourcecode.swift; path = RecipeCategories.swift; sourceTree = "<group>"; };
		674CD47827E4A79500834AA2 /* RecipeCategoriesData.swift */ = {isa = PBXFileReference; lastKnownFileType = sourcecode.swift; path = RecipeCategoriesData.swift; sourceTree = "<group>"; };
		674CD47A27E4C8A900834AA2 /* GetRecipeCategoriesRequest.swift */ = {isa = PBXFileReference; lastKnownFileType = sourcecode.swift; path = GetRecipeCategoriesRequest.swift; sourceTree = "<group>"; };
		674CD47C27E8027700834AA2 /* CategoryImage.swift */ = {isa = PBXFileReference; lastKnownFileType = sourcecode.swift; path = CategoryImage.swift; sourceTree = "<group>"; };
		67A047E127D717AB007359A9 /* DataProvider.framework */ = {isa = PBXFileReference; explicitFileType = wrapper.framework; includeInIndex = 0; path = DataProvider.framework; sourceTree = BUILT_PRODUCTS_DIR; };
		67A047E427D717AB007359A9 /* DataProvider.h */ = {isa = PBXFileReference; lastKnownFileType = sourcecode.c.h; path = DataProvider.h; sourceTree = "<group>"; };
		67A047E527D717AB007359A9 /* DataProvider.docc */ = {isa = PBXFileReference; lastKnownFileType = folder.documentationcatalog; path = DataProvider.docc; sourceTree = "<group>"; };
		67A047EB27D717AB007359A9 /* DataProviderTests.xctest */ = {isa = PBXFileReference; explicitFileType = wrapper.cfbundle; includeInIndex = 0; path = DataProviderTests.xctest; sourceTree = BUILT_PRODUCTS_DIR; };
		67A047F027D717AB007359A9 /* DataProviderTests.swift */ = {isa = PBXFileReference; lastKnownFileType = sourcecode.swift; path = DataProviderTests.swift; sourceTree = "<group>"; };
		67A0489D27D72749007359A9 /* DecodableResponseRequest.swift */ = {isa = PBXFileReference; fileEncoding = 4; lastKnownFileType = sourcecode.swift; path = DecodableResponseRequest.swift; sourceTree = "<group>"; };
		67A0489E27D72749007359A9 /* Typealias.swift */ = {isa = PBXFileReference; fileEncoding = 4; lastKnownFileType = sourcecode.swift; path = Typealias.swift; sourceTree = "<group>"; };
		67A0489F27D72749007359A9 /* RequestProtocol.swift */ = {isa = PBXFileReference; fileEncoding = 4; lastKnownFileType = sourcecode.swift; path = RequestProtocol.swift; sourceTree = "<group>"; };
		67A048A027D72749007359A9 /* RequestMethod.swift */ = {isa = PBXFileReference; fileEncoding = 4; lastKnownFileType = sourcecode.swift; path = RequestMethod.swift; sourceTree = "<group>"; };
		67A048A127D72749007359A9 /* RequestEncoding.swift */ = {isa = PBXFileReference; fileEncoding = 4; lastKnownFileType = sourcecode.swift; path = RequestEncoding.swift; sourceTree = "<group>"; };
		67A048A227D72749007359A9 /* DataProviderProtocol.swift */ = {isa = PBXFileReference; fileEncoding = 4; lastKnownFileType = sourcecode.swift; path = DataProviderProtocol.swift; sourceTree = "<group>"; };
		67A048A427D72749007359A9 /* ApiDataProvider.swift */ = {isa = PBXFileReference; fileEncoding = 4; lastKnownFileType = sourcecode.swift; path = ApiDataProvider.swift; sourceTree = "<group>"; };
		67A048A527D72749007359A9 /* ApiRequestAdapter.swift */ = {isa = PBXFileReference; fileEncoding = 4; lastKnownFileType = sourcecode.swift; path = ApiRequestAdapter.swift; sourceTree = "<group>"; };
		67A048A627D72749007359A9 /* ApiDecodableResponseRequest.swift */ = {isa = PBXFileReference; fileEncoding = 4; lastKnownFileType = sourcecode.swift; path = ApiDecodableResponseRequest.swift; sourceTree = "<group>"; };
		936A30E601D1160C8B835AA6 /* Pods_DataProviderTests.framework */ = {isa = PBXFileReference; explicitFileType = wrapper.framework; includeInIndex = 0; path = Pods_DataProviderTests.framework; sourceTree = BUILT_PRODUCTS_DIR; };
		CD2363021F70F5F089FD4591 /* Pods-DataProvider.release.xcconfig */ = {isa = PBXFileReference; includeInIndex = 1; lastKnownFileType = text.xcconfig; name = "Pods-DataProvider.release.xcconfig"; path = "Target Support Files/Pods-DataProvider/Pods-DataProvider.release.xcconfig"; sourceTree = "<group>"; };
		D1389B436106B58E9F913606 /* Pods_DataProvider.framework */ = {isa = PBXFileReference; explicitFileType = wrapper.framework; includeInIndex = 0; path = Pods_DataProvider.framework; sourceTree = BUILT_PRODUCTS_DIR; };
		EBC50FCB27F7074A1160E401 /* Pods-DataProviderTests.release.xcconfig */ = {isa = PBXFileReference; includeInIndex = 1; lastKnownFileType = text.xcconfig; name = "Pods-DataProviderTests.release.xcconfig"; path = "Target Support Files/Pods-DataProviderTests/Pods-DataProviderTests.release.xcconfig"; sourceTree = "<group>"; };
/* End PBXFileReference section */

/* Begin PBXFrameworksBuildPhase section */
		67A047DE27D717AB007359A9 /* Frameworks */ = {
			isa = PBXFrameworksBuildPhase;
			buildActionMask = 2147483647;
			files = (
				BAC51CF64170FC3C189D2E07 /* Pods_DataProvider.framework in Frameworks */,
			);
			runOnlyForDeploymentPostprocessing = 0;
		};
		67A047E827D717AB007359A9 /* Frameworks */ = {
			isa = PBXFrameworksBuildPhase;
			buildActionMask = 2147483647;
			files = (
				67A047EC27D717AB007359A9 /* DataProvider.framework in Frameworks */,
				CDB957A0A49E4F61DEF08B03 /* Pods_DataProviderTests.framework in Frameworks */,
			);
			runOnlyForDeploymentPostprocessing = 0;
		};
/* End PBXFrameworksBuildPhase section */

/* Begin PBXGroup section */
		67203B5527F56874001A0CBF /* Auth */ = {
			isa = PBXGroup;
			children = (
				67203B4827F56352001A0CBF /* LoginRequest.swift */,
				67203B5627F5689E001A0CBF /* RegisterRequest.swift */,
			);
			path = Auth;
			sourceTree = "<group>";
		};
		67326BB527EDB18B008BCF71 /* Detail */ = {
			isa = PBXGroup;
			children = (
				67326BB627EDB1C1008BCF71 /* GetDetailRequest.swift */,
				67326BBF27EF5599008BCF71 /* GetCommentRequest.swift */,
			);
			path = Detail;
			sourceTree = "<group>";
		};
		67326BB827EDB1F1008BCF71 /* Detail */ = {
			isa = PBXGroup;
			children = (
				67326BB927EDB22E008BCF71 /* GetDetailResponse.swift */,
				67326BBB27EDB2E6008BCF71 /* TimeOfRecipe.swift */,
				67326BBD27EDB3B7008BCF71 /* NumberOfPerson.swift */,
				67326BC127EF5688008BCF71 /* GetCommentResponse.swift */,
			);
			path = Detail;
			sourceTree = "<group>";
		};
		674CD40427DF87AB00834AA2 /* Model */ = {
			isa = PBXGroup;
			children = (
				67326BB827EDB1F1008BCF71 /* Detail */,
				674CD40527DF87B200834AA2 /* User.swift */,
				674CD40727DF883400834AA2 /* Recipe.swift */,
				674CD40927DF895800834AA2 /* CategoryDetail.swift */,
				674CD40B27DF89AE00834AA2 /* Image.swift */,
				674CD41427DF8D8400834AA2 /* BaseResponse.swift */,
				674CD41627DF8D9B00834AA2 /* Pagination.swift */,
				674CD47627E4A66E00834AA2 /* RecipeCategories.swift */,
				674CD47827E4A79500834AA2 /* RecipeCategoriesData.swift */,
				674CD47C27E8027700834AA2 /* CategoryImage.swift */,
				67203B0327F555AA001A0CBF /* Auth.swift */,
			);
			path = Model;
			sourceTree = "<group>";
		};
		674CD40D27DF8A5C00834AA2 /* Requests */ = {
			isa = PBXGroup;
			children = (
				67203B5527F56874001A0CBF /* Auth */,
				674CD40E27DF8A6900834AA2 /* Recipe */,
			);
			path = Requests;
			sourceTree = "<group>";
		};
		674CD40E27DF8A6900834AA2 /* Recipe */ = {
			isa = PBXGroup;
			children = (
				67326BB527EDB18B008BCF71 /* Detail */,
				674CD41E27E074F600834AA2 /* GetEditorChoiceRequest.swift */,
				674CD42227E0774C00834AA2 /* GetLastAddedRequest.swift */,
				674CD42427E0783C00834AA2 /* GetCategoryRequest.swift */,
				674CD42027E0750900834AA2 /* ListType.swift */,
				674CD47A27E4C8A900834AA2 /* GetRecipeCategoriesRequest.swift */,
			);
			path = Recipe;
			sourceTree = "<group>";
		};
		67A047D727D717AB007359A9 = {
			isa = PBXGroup;
			children = (
				67A047E327D717AB007359A9 /* DataProvider */,
				67A047EF27D717AB007359A9 /* DataProviderTests */,
				67A047E227D717AB007359A9 /* Products */,
				71A711B0FC82CA99E92B2639 /* Pods */,
				DA38AC94A503F18136BF9C05 /* Frameworks */,
			);
			sourceTree = "<group>";
		};
		67A047E227D717AB007359A9 /* Products */ = {
			isa = PBXGroup;
			children = (
				67A047E127D717AB007359A9 /* DataProvider.framework */,
				67A047EB27D717AB007359A9 /* DataProviderTests.xctest */,
			);
			name = Products;
			sourceTree = "<group>";
		};
		67A047E327D717AB007359A9 /* DataProvider */ = {
			isa = PBXGroup;
			children = (
				674CD40D27DF8A5C00834AA2 /* Requests */,
				674CD40427DF87AB00834AA2 /* Model */,
				67A0489C27D72749007359A9 /* Core */,
				67A048A327D72749007359A9 /* Manager */,
				67A047E427D717AB007359A9 /* DataProvider.h */,
				67A047E527D717AB007359A9 /* DataProvider.docc */,
			);
			path = DataProvider;
			sourceTree = "<group>";
		};
		67A047EF27D717AB007359A9 /* DataProviderTests */ = {
			isa = PBXGroup;
			children = (
				67A047F027D717AB007359A9 /* DataProviderTests.swift */,
			);
			path = DataProviderTests;
			sourceTree = "<group>";
		};
		67A0489C27D72749007359A9 /* Core */ = {
			isa = PBXGroup;
			children = (
				67A0489D27D72749007359A9 /* DecodableResponseRequest.swift */,
				67A0489E27D72749007359A9 /* Typealias.swift */,
				67A0489F27D72749007359A9 /* RequestProtocol.swift */,
				67A048A027D72749007359A9 /* RequestMethod.swift */,
				67A048A127D72749007359A9 /* RequestEncoding.swift */,
				67A048A227D72749007359A9 /* DataProviderProtocol.swift */,
			);
			path = Core;
			sourceTree = "<group>";
		};
		67A048A327D72749007359A9 /* Manager */ = {
			isa = PBXGroup;
			children = (
				67A048A427D72749007359A9 /* ApiDataProvider.swift */,
				67A048A527D72749007359A9 /* ApiRequestAdapter.swift */,
				67A048A627D72749007359A9 /* ApiDecodableResponseRequest.swift */,
			);
			path = Manager;
			sourceTree = "<group>";
		};
		71A711B0FC82CA99E92B2639 /* Pods */ = {
			isa = PBXGroup;
			children = (
				051E11E6484FA701EAF089B2 /* Pods-DataProvider.debug.xcconfig */,
				CD2363021F70F5F089FD4591 /* Pods-DataProvider.release.xcconfig */,
				27EE6CB5C2BB335FA991E76A /* Pods-DataProviderTests.debug.xcconfig */,
				EBC50FCB27F7074A1160E401 /* Pods-DataProviderTests.release.xcconfig */,
			);
			name = Pods;
			path = ../Pods;
			sourceTree = "<group>";
		};
		DA38AC94A503F18136BF9C05 /* Frameworks */ = {
			isa = PBXGroup;
			children = (
				D1389B436106B58E9F913606 /* Pods_DataProvider.framework */,
				936A30E601D1160C8B835AA6 /* Pods_DataProviderTests.framework */,
			);
			name = Frameworks;
			sourceTree = "<group>";
		};
/* End PBXGroup section */

/* Begin PBXHeadersBuildPhase section */
		67A047DC27D717AB007359A9 /* Headers */ = {
			isa = PBXHeadersBuildPhase;
			buildActionMask = 2147483647;
			files = (
				67A047F227D717AB007359A9 /* DataProvider.h in Headers */,
			);
			runOnlyForDeploymentPostprocessing = 0;
		};
/* End PBXHeadersBuildPhase section */

/* Begin PBXNativeTarget section */
		67A047E027D717AB007359A9 /* DataProvider */ = {
			isa = PBXNativeTarget;
			buildConfigurationList = 67A047F527D717AB007359A9 /* Build configuration list for PBXNativeTarget "DataProvider" */;
			buildPhases = (
				1D84D186C73FD50FB8353BB6 /* [CP] Check Pods Manifest.lock */,
				67A047DC27D717AB007359A9 /* Headers */,
				67A047DD27D717AB007359A9 /* Sources */,
				67A047DE27D717AB007359A9 /* Frameworks */,
				67A047DF27D717AB007359A9 /* Resources */,
			);
			buildRules = (
			);
			dependencies = (
			);
			name = DataProvider;
			productName = DataProvider;
			productReference = 67A047E127D717AB007359A9 /* DataProvider.framework */;
			productType = "com.apple.product-type.framework";
		};
		67A047EA27D717AB007359A9 /* DataProviderTests */ = {
			isa = PBXNativeTarget;
			buildConfigurationList = 67A047F827D717AB007359A9 /* Build configuration list for PBXNativeTarget "DataProviderTests" */;
			buildPhases = (
				2A06861659018B027B858712 /* [CP] Check Pods Manifest.lock */,
				67A047E727D717AB007359A9 /* Sources */,
				67A047E827D717AB007359A9 /* Frameworks */,
				67A047E927D717AB007359A9 /* Resources */,
			);
			buildRules = (
			);
			dependencies = (
				67A047EE27D717AB007359A9 /* PBXTargetDependency */,
			);
			name = DataProviderTests;
			productName = DataProviderTests;
			productReference = 67A047EB27D717AB007359A9 /* DataProviderTests.xctest */;
			productType = "com.apple.product-type.bundle.unit-test";
		};
/* End PBXNativeTarget section */

/* Begin PBXProject section */
		67A047D827D717AB007359A9 /* Project object */ = {
			isa = PBXProject;
			attributes = {
				BuildIndependentTargetsInParallel = 1;
				LastSwiftUpdateCheck = 1320;
				LastUpgradeCheck = 1320;
				TargetAttributes = {
					67A047E027D717AB007359A9 = {
						CreatedOnToolsVersion = 13.2.1;
					};
					67A047EA27D717AB007359A9 = {
						CreatedOnToolsVersion = 13.2.1;
					};
				};
			};
			buildConfigurationList = 67A047DB27D717AB007359A9 /* Build configuration list for PBXProject "DataProvider" */;
			compatibilityVersion = "Xcode 13.0";
			developmentRegion = en;
			hasScannedForEncodings = 0;
			knownRegions = (
				en,
				Base,
			);
			mainGroup = 67A047D727D717AB007359A9;
			productRefGroup = 67A047E227D717AB007359A9 /* Products */;
			projectDirPath = "";
			projectRoot = "";
			targets = (
				67A047E027D717AB007359A9 /* DataProvider */,
				67A047EA27D717AB007359A9 /* DataProviderTests */,
			);
		};
/* End PBXProject section */

/* Begin PBXResourcesBuildPhase section */
		67A047DF27D717AB007359A9 /* Resources */ = {
			isa = PBXResourcesBuildPhase;
			buildActionMask = 2147483647;
			files = (
			);
			runOnlyForDeploymentPostprocessing = 0;
		};
		67A047E927D717AB007359A9 /* Resources */ = {
			isa = PBXResourcesBuildPhase;
			buildActionMask = 2147483647;
			files = (
			);
			runOnlyForDeploymentPostprocessing = 0;
		};
/* End PBXResourcesBuildPhase section */

/* Begin PBXShellScriptBuildPhase section */
		1D84D186C73FD50FB8353BB6 /* [CP] Check Pods Manifest.lock */ = {
			isa = PBXShellScriptBuildPhase;
			buildActionMask = 2147483647;
			files = (
			);
			inputFileListPaths = (
			);
			inputPaths = (
				"${PODS_PODFILE_DIR_PATH}/Podfile.lock",
				"${PODS_ROOT}/Manifest.lock",
			);
			name = "[CP] Check Pods Manifest.lock";
			outputFileListPaths = (
			);
			outputPaths = (
				"$(DERIVED_FILE_DIR)/Pods-DataProvider-checkManifestLockResult.txt",
			);
			runOnlyForDeploymentPostprocessing = 0;
			shellPath = /bin/sh;
			shellScript = "diff \"${PODS_PODFILE_DIR_PATH}/Podfile.lock\" \"${PODS_ROOT}/Manifest.lock\" > /dev/null\nif [ $? != 0 ] ; then\n    # print error to STDERR\n    echo \"error: The sandbox is not in sync with the Podfile.lock. Run 'pod install' or update your CocoaPods installation.\" >&2\n    exit 1\nfi\n# This output is used by Xcode 'outputs' to avoid re-running this script phase.\necho \"SUCCESS\" > \"${SCRIPT_OUTPUT_FILE_0}\"\n";
			showEnvVarsInLog = 0;
		};
		2A06861659018B027B858712 /* [CP] Check Pods Manifest.lock */ = {
			isa = PBXShellScriptBuildPhase;
			buildActionMask = 2147483647;
			files = (
			);
			inputFileListPaths = (
			);
			inputPaths = (
				"${PODS_PODFILE_DIR_PATH}/Podfile.lock",
				"${PODS_ROOT}/Manifest.lock",
			);
			name = "[CP] Check Pods Manifest.lock";
			outputFileListPaths = (
			);
			outputPaths = (
				"$(DERIVED_FILE_DIR)/Pods-DataProviderTests-checkManifestLockResult.txt",
			);
			runOnlyForDeploymentPostprocessing = 0;
			shellPath = /bin/sh;
			shellScript = "diff \"${PODS_PODFILE_DIR_PATH}/Podfile.lock\" \"${PODS_ROOT}/Manifest.lock\" > /dev/null\nif [ $? != 0 ] ; then\n    # print error to STDERR\n    echo \"error: The sandbox is not in sync with the Podfile.lock. Run 'pod install' or update your CocoaPods installation.\" >&2\n    exit 1\nfi\n# This output is used by Xcode 'outputs' to avoid re-running this script phase.\necho \"SUCCESS\" > \"${SCRIPT_OUTPUT_FILE_0}\"\n";
			showEnvVarsInLog = 0;
		};
/* End PBXShellScriptBuildPhase section */

/* Begin PBXSourcesBuildPhase section */
		67A047DD27D717AB007359A9 /* Sources */ = {
			isa = PBXSourcesBuildPhase;
			buildActionMask = 2147483647;
			files = (
				67A048A727D72749007359A9 /* DecodableResponseRequest.swift in Sources */,
				67A048AF27D72749007359A9 /* ApiDecodableResponseRequest.swift in Sources */,
				674CD42527E0783C00834AA2 /* GetCategoryRequest.swift in Sources */,
				67326BC027EF5599008BCF71 /* GetCommentRequest.swift in Sources */,
				674CD47727E4A66E00834AA2 /* RecipeCategories.swift in Sources */,
				67326BBE27EDB3B7008BCF71 /* NumberOfPerson.swift in Sources */,
				67A048A827D72749007359A9 /* Typealias.swift in Sources */,
				674CD41727DF8D9B00834AA2 /* Pagination.swift in Sources */,
				674CD40827DF883400834AA2 /* Recipe.swift in Sources */,
				67A048AB27D72749007359A9 /* RequestEncoding.swift in Sources */,
				67A048AC27D72749007359A9 /* DataProviderProtocol.swift in Sources */,
				674CD47927E4A79500834AA2 /* RecipeCategoriesData.swift in Sources */,
				67A047E627D717AB007359A9 /* DataProvider.docc in Sources */,
				674CD41527DF8D8400834AA2 /* BaseResponse.swift in Sources */,
				674CD40C27DF89AE00834AA2 /* Image.swift in Sources */,
				67203B4927F56352001A0CBF /* LoginRequest.swift in Sources */,
				67326BB727EDB1C1008BCF71 /* GetDetailRequest.swift in Sources */,
				67326BBC27EDB2E6008BCF71 /* TimeOfRecipe.swift in Sources */,
				67A048AA27D72749007359A9 /* RequestMethod.swift in Sources */,
				674CD40A27DF895800834AA2 /* CategoryDetail.swift in Sources */,
				674CD42127E0750900834AA2 /* ListType.swift in Sources */,
				67A048A927D72749007359A9 /* RequestProtocol.swift in Sources */,
				67A048AD27D72749007359A9 /* ApiDataProvider.swift in Sources */,
				674CD47B27E4C8A900834AA2 /* GetRecipeCategoriesRequest.swift in Sources */,
				67A048AE27D72749007359A9 /* ApiRequestAdapter.swift in Sources */,
				674CD41F27E074F600834AA2 /* GetEditorChoiceRequest.swift in Sources */,
				67326BBA27EDB22E008BCF71 /* GetDetailResponse.swift in Sources */,
				674CD40627DF87B200834AA2 /* User.swift in Sources */,
				674CD42327E0774C00834AA2 /* GetLastAddedRequest.swift in Sources */,
				67203B0427F555AA001A0CBF /* Auth.swift in Sources */,
				674CD47D27E8027700834AA2 /* CategoryImage.swift in Sources */,
				67203B5727F5689E001A0CBF /* RegisterRequest.swift in Sources */,
				67326BC227EF5688008BCF71 /* GetCommentResponse.swift in Sources */,
			);
			runOnlyForDeploymentPostprocessing = 0;
		};
		67A047E727D717AB007359A9 /* Sources */ = {
			isa = PBXSourcesBuildPhase;
			buildActionMask = 2147483647;
			files = (
				67A047F127D717AB007359A9 /* DataProviderTests.swift in Sources */,
			);
			runOnlyForDeploymentPostprocessing = 0;
		};
/* End PBXSourcesBuildPhase section */

/* Begin PBXTargetDependency section */
		67A047EE27D717AB007359A9 /* PBXTargetDependency */ = {
			isa = PBXTargetDependency;
			target = 67A047E027D717AB007359A9 /* DataProvider */;
			targetProxy = 67A047ED27D717AB007359A9 /* PBXContainerItemProxy */;
		};
/* End PBXTargetDependency section */

/* Begin XCBuildConfiguration section */
		67A047F327D717AB007359A9 /* Debug */ = {
			isa = XCBuildConfiguration;
			buildSettings = {
				ALWAYS_SEARCH_USER_PATHS = NO;
				CLANG_ANALYZER_NONNULL = YES;
				CLANG_ANALYZER_NUMBER_OBJECT_CONVERSION = YES_AGGRESSIVE;
				CLANG_CXX_LANGUAGE_STANDARD = "gnu++17";
				CLANG_CXX_LIBRARY = "libc++";
				CLANG_ENABLE_MODULES = YES;
				CLANG_ENABLE_OBJC_ARC = YES;
				CLANG_ENABLE_OBJC_WEAK = YES;
				CLANG_WARN_BLOCK_CAPTURE_AUTORELEASING = YES;
				CLANG_WARN_BOOL_CONVERSION = YES;
				CLANG_WARN_COMMA = YES;
				CLANG_WARN_CONSTANT_CONVERSION = YES;
				CLANG_WARN_DEPRECATED_OBJC_IMPLEMENTATIONS = YES;
				CLANG_WARN_DIRECT_OBJC_ISA_USAGE = YES_ERROR;
				CLANG_WARN_DOCUMENTATION_COMMENTS = YES;
				CLANG_WARN_EMPTY_BODY = YES;
				CLANG_WARN_ENUM_CONVERSION = YES;
				CLANG_WARN_INFINITE_RECURSION = YES;
				CLANG_WARN_INT_CONVERSION = YES;
				CLANG_WARN_NON_LITERAL_NULL_CONVERSION = YES;
				CLANG_WARN_OBJC_IMPLICIT_RETAIN_SELF = YES;
				CLANG_WARN_OBJC_LITERAL_CONVERSION = YES;
				CLANG_WARN_OBJC_ROOT_CLASS = YES_ERROR;
				CLANG_WARN_QUOTED_INCLUDE_IN_FRAMEWORK_HEADER = YES;
				CLANG_WARN_RANGE_LOOP_ANALYSIS = YES;
				CLANG_WARN_STRICT_PROTOTYPES = YES;
				CLANG_WARN_SUSPICIOUS_MOVE = YES;
				CLANG_WARN_UNGUARDED_AVAILABILITY = YES_AGGRESSIVE;
				CLANG_WARN_UNREACHABLE_CODE = YES;
				CLANG_WARN__DUPLICATE_METHOD_MATCH = YES;
				COPY_PHASE_STRIP = NO;
				CURRENT_PROJECT_VERSION = 1;
				DEBUG_INFORMATION_FORMAT = dwarf;
				ENABLE_STRICT_OBJC_MSGSEND = YES;
				ENABLE_TESTABILITY = YES;
				"EXCLUDED_ARCHS[sdk=iphonesimulator*]" = arm64;
				GCC_C_LANGUAGE_STANDARD = gnu11;
				GCC_DYNAMIC_NO_PIC = NO;
				GCC_NO_COMMON_BLOCKS = YES;
				GCC_OPTIMIZATION_LEVEL = 0;
				GCC_PREPROCESSOR_DEFINITIONS = (
					"DEBUG=1",
					"$(inherited)",
				);
				GCC_WARN_64_TO_32_BIT_CONVERSION = YES;
				GCC_WARN_ABOUT_RETURN_TYPE = YES_ERROR;
				GCC_WARN_UNDECLARED_SELECTOR = YES;
				GCC_WARN_UNINITIALIZED_AUTOS = YES_AGGRESSIVE;
				GCC_WARN_UNUSED_FUNCTION = YES;
				GCC_WARN_UNUSED_VARIABLE = YES;
				IPHONEOS_DEPLOYMENT_TARGET = 11.0;
				MTL_ENABLE_DEBUG_INFO = INCLUDE_SOURCE;
				MTL_FAST_MATH = YES;
				ONLY_ACTIVE_ARCH = YES;
				SDKROOT = iphoneos;
				SWIFT_ACTIVE_COMPILATION_CONDITIONS = DEBUG;
				SWIFT_OPTIMIZATION_LEVEL = "-Onone";
				VERSIONING_SYSTEM = "apple-generic";
				VERSION_INFO_PREFIX = "";
			};
			name = Debug;
		};
		67A047F427D717AB007359A9 /* Release */ = {
			isa = XCBuildConfiguration;
			buildSettings = {
				ALWAYS_SEARCH_USER_PATHS = NO;
				CLANG_ANALYZER_NONNULL = YES;
				CLANG_ANALYZER_NUMBER_OBJECT_CONVERSION = YES_AGGRESSIVE;
				CLANG_CXX_LANGUAGE_STANDARD = "gnu++17";
				CLANG_CXX_LIBRARY = "libc++";
				CLANG_ENABLE_MODULES = YES;
				CLANG_ENABLE_OBJC_ARC = YES;
				CLANG_ENABLE_OBJC_WEAK = YES;
				CLANG_WARN_BLOCK_CAPTURE_AUTORELEASING = YES;
				CLANG_WARN_BOOL_CONVERSION = YES;
				CLANG_WARN_COMMA = YES;
				CLANG_WARN_CONSTANT_CONVERSION = YES;
				CLANG_WARN_DEPRECATED_OBJC_IMPLEMENTATIONS = YES;
				CLANG_WARN_DIRECT_OBJC_ISA_USAGE = YES_ERROR;
				CLANG_WARN_DOCUMENTATION_COMMENTS = YES;
				CLANG_WARN_EMPTY_BODY = YES;
				CLANG_WARN_ENUM_CONVERSION = YES;
				CLANG_WARN_INFINITE_RECURSION = YES;
				CLANG_WARN_INT_CONVERSION = YES;
				CLANG_WARN_NON_LITERAL_NULL_CONVERSION = YES;
				CLANG_WARN_OBJC_IMPLICIT_RETAIN_SELF = YES;
				CLANG_WARN_OBJC_LITERAL_CONVERSION = YES;
				CLANG_WARN_OBJC_ROOT_CLASS = YES_ERROR;
				CLANG_WARN_QUOTED_INCLUDE_IN_FRAMEWORK_HEADER = YES;
				CLANG_WARN_RANGE_LOOP_ANALYSIS = YES;
				CLANG_WARN_STRICT_PROTOTYPES = YES;
				CLANG_WARN_SUSPICIOUS_MOVE = YES;
				CLANG_WARN_UNGUARDED_AVAILABILITY = YES_AGGRESSIVE;
				CLANG_WARN_UNREACHABLE_CODE = YES;
				CLANG_WARN__DUPLICATE_METHOD_MATCH = YES;
				COPY_PHASE_STRIP = NO;
				CURRENT_PROJECT_VERSION = 1;
				DEBUG_INFORMATION_FORMAT = "dwarf-with-dsym";
				ENABLE_NS_ASSERTIONS = NO;
				ENABLE_STRICT_OBJC_MSGSEND = YES;
				"EXCLUDED_ARCHS[sdk=iphonesimulator*]" = arm64;
				GCC_C_LANGUAGE_STANDARD = gnu11;
				GCC_NO_COMMON_BLOCKS = YES;
				GCC_WARN_64_TO_32_BIT_CONVERSION = YES;
				GCC_WARN_ABOUT_RETURN_TYPE = YES_ERROR;
				GCC_WARN_UNDECLARED_SELECTOR = YES;
				GCC_WARN_UNINITIALIZED_AUTOS = YES_AGGRESSIVE;
				GCC_WARN_UNUSED_FUNCTION = YES;
				GCC_WARN_UNUSED_VARIABLE = YES;
				IPHONEOS_DEPLOYMENT_TARGET = 11.0;
				MTL_ENABLE_DEBUG_INFO = NO;
				MTL_FAST_MATH = YES;
				ONLY_ACTIVE_ARCH = YES;
				SDKROOT = iphoneos;
				SWIFT_COMPILATION_MODE = wholemodule;
				SWIFT_OPTIMIZATION_LEVEL = "-O";
				VALIDATE_PRODUCT = YES;
				VERSIONING_SYSTEM = "apple-generic";
				VERSION_INFO_PREFIX = "";
			};
			name = Release;
		};
		67A047F627D717AB007359A9 /* Debug */ = {
			isa = XCBuildConfiguration;
			baseConfigurationReference = 051E11E6484FA701EAF089B2 /* Pods-DataProvider.debug.xcconfig */;
			buildSettings = {
				CODE_SIGN_STYLE = Automatic;
				CURRENT_PROJECT_VERSION = 1;
				DEFINES_MODULE = YES;
				DEVELOPMENT_TEAM = BNK334U5U9;
				DYLIB_COMPATIBILITY_VERSION = 1;
				DYLIB_CURRENT_VERSION = 1;
				DYLIB_INSTALL_NAME_BASE = "@rpath";
				GENERATE_INFOPLIST_FILE = YES;
				INFOPLIST_KEY_NSHumanReadableCopyright = "";
				INSTALL_PATH = "$(LOCAL_LIBRARY_DIR)/Frameworks";
				LD_RUNPATH_SEARCH_PATHS = (
					"$(inherited)",
					"@executable_path/Frameworks",
					"@loader_path/Frameworks",
				);
				MARKETING_VERSION = 1.0;
				PRODUCT_BUNDLE_IDENTIFIER = com.mehmetsalihcelik.DataProvider;
				PRODUCT_NAME = "$(TARGET_NAME:c99extidentifier)";
				SKIP_INSTALL = YES;
				SWIFT_EMIT_LOC_STRINGS = YES;
				SWIFT_VERSION = 5.0;
				TARGETED_DEVICE_FAMILY = "1,2";
			};
			name = Debug;
		};
		67A047F727D717AB007359A9 /* Release */ = {
			isa = XCBuildConfiguration;
			baseConfigurationReference = CD2363021F70F5F089FD4591 /* Pods-DataProvider.release.xcconfig */;
			buildSettings = {
				CODE_SIGN_STYLE = Automatic;
				CURRENT_PROJECT_VERSION = 1;
				DEFINES_MODULE = YES;
				DEVELOPMENT_TEAM = BNK334U5U9;
				DYLIB_COMPATIBILITY_VERSION = 1;
				DYLIB_CURRENT_VERSION = 1;
				DYLIB_INSTALL_NAME_BASE = "@rpath";
				GENERATE_INFOPLIST_FILE = YES;
				INFOPLIST_KEY_NSHumanReadableCopyright = "";
				INSTALL_PATH = "$(LOCAL_LIBRARY_DIR)/Frameworks";
				LD_RUNPATH_SEARCH_PATHS = (
					"$(inherited)",
					"@executable_path/Frameworks",
					"@loader_path/Frameworks",
				);
				MARKETING_VERSION = 1.0;
				PRODUCT_BUNDLE_IDENTIFIER = com.mehmetsalihcelik.DataProvider;
				PRODUCT_NAME = "$(TARGET_NAME:c99extidentifier)";
				SKIP_INSTALL = YES;
				SWIFT_EMIT_LOC_STRINGS = YES;
				SWIFT_VERSION = 5.0;
				TARGETED_DEVICE_FAMILY = "1,2";
			};
			name = Release;
		};
		67A047F927D717AB007359A9 /* Debug */ = {
			isa = XCBuildConfiguration;
			baseConfigurationReference = 27EE6CB5C2BB335FA991E76A /* Pods-DataProviderTests.debug.xcconfig */;
			buildSettings = {
				ALWAYS_EMBED_SWIFT_STANDARD_LIBRARIES = YES;
				CODE_SIGN_STYLE = Automatic;
				CURRENT_PROJECT_VERSION = 1;
				DEVELOPMENT_TEAM = BNK334U5U9;
				GENERATE_INFOPLIST_FILE = YES;
				MARKETING_VERSION = 1.0;
				PRODUCT_BUNDLE_IDENTIFIER = com.mehmetsalihcelik.DataProviderTests;
				PRODUCT_NAME = "$(TARGET_NAME)";
				SWIFT_EMIT_LOC_STRINGS = NO;
				SWIFT_VERSION = 5.0;
				TARGETED_DEVICE_FAMILY = "1,2";
			};
			name = Debug;
		};
		67A047FA27D717AB007359A9 /* Release */ = {
			isa = XCBuildConfiguration;
			baseConfigurationReference = EBC50FCB27F7074A1160E401 /* Pods-DataProviderTests.release.xcconfig */;
			buildSettings = {
				ALWAYS_EMBED_SWIFT_STANDARD_LIBRARIES = YES;
				CODE_SIGN_STYLE = Automatic;
				CURRENT_PROJECT_VERSION = 1;
				DEVELOPMENT_TEAM = BNK334U5U9;
				GENERATE_INFOPLIST_FILE = YES;
				MARKETING_VERSION = 1.0;
				PRODUCT_BUNDLE_IDENTIFIER = com.mehmetsalihcelik.DataProviderTests;
				PRODUCT_NAME = "$(TARGET_NAME)";
				SWIFT_EMIT_LOC_STRINGS = NO;
				SWIFT_VERSION = 5.0;
				TARGETED_DEVICE_FAMILY = "1,2";
			};
			name = Release;
		};
/* End XCBuildConfiguration section */

/* Begin XCConfigurationList section */
		67A047DB27D717AB007359A9 /* Build configuration list for PBXProject "DataProvider" */ = {
			isa = XCConfigurationList;
			buildConfigurations = (
				67A047F327D717AB007359A9 /* Debug */,
				67A047F427D717AB007359A9 /* Release */,
			);
			defaultConfigurationIsVisible = 0;
			defaultConfigurationName = Release;
		};
		67A047F527D717AB007359A9 /* Build configuration list for PBXNativeTarget "DataProvider" */ = {
			isa = XCConfigurationList;
			buildConfigurations = (
				67A047F627D717AB007359A9 /* Debug */,
				67A047F727D717AB007359A9 /* Release */,
			);
			defaultConfigurationIsVisible = 0;
			defaultConfigurationName = Release;
		};
		67A047F827D717AB007359A9 /* Build configuration list for PBXNativeTarget "DataProviderTests" */ = {
			isa = XCConfigurationList;
			buildConfigurations = (
				67A047F927D717AB007359A9 /* Debug */,
				67A047FA27D717AB007359A9 /* Release */,
			);
			defaultConfigurationIsVisible = 0;
			defaultConfigurationName = Release;
		};
/* End XCConfigurationList section */
	};
	rootObject = 67A047D827D717AB007359A9 /* Project object */;
}
