// !$*UTF8*$!
{
	archiveVersion = 1;
	classes = {
	};
	objectVersion = 55;
	objects = {

/* Begin PBXBuildFile section */
		43AFEEF86F463F87DBE39C2A /* Pods_UIComponentsTests.framework in Frameworks */ = {isa = PBXBuildFile; fileRef = 072944FE2015860D892F1083 /* Pods_UIComponentsTests.framework */; };
		6734640D27E8662700F4487B /* PaddingLabel.swift in Sources */ = {isa = PBXBuildFile; fileRef = 6734640C27E8662700F4487B /* PaddingLabel.swift */; };
		674CD3DB27DEC7D700834AA2 /* RecipeCell.swift in Sources */ = {isa = PBXBuildFile; fileRef = 674CD3D927DEC7D700834AA2 /* RecipeCell.swift */; };
		674CD3DC27DEC7D700834AA2 /* RecipeCellModel.swift in Sources */ = {isa = PBXBuildFile; fileRef = 674CD3DA27DEC7D700834AA2 /* RecipeCellModel.swift */; };
		674CD3DE27DECA1600834AA2 /* UIImageView+Extensions.swift in Sources */ = {isa = PBXBuildFile; fileRef = 674CD3DD27DECA1600834AA2 /* UIImageView+Extensions.swift */; };
		674CD3E027DF181200834AA2 /* UserView.swift in Sources */ = {isa = PBXBuildFile; fileRef = 674CD3DF27DF181200834AA2 /* UserView.swift */; };
		674CD3E327DF1D5E00834AA2 /* ActivityIndicatorProtocol.swift in Sources */ = {isa = PBXBuildFile; fileRef = 674CD3E227DF1D5E00834AA2 /* ActivityIndicatorProtocol.swift */; };
		674CD3E527DF1D7500834AA2 /* LoadingProtocol.swift in Sources */ = {isa = PBXBuildFile; fileRef = 674CD3E427DF1D7500834AA2 /* LoadingProtocol.swift */; };
		674CD3E727DF1D8800834AA2 /* BlockingActivityIndicator.swift in Sources */ = {isa = PBXBuildFile; fileRef = 674CD3E627DF1D8800834AA2 /* BlockingActivityIndicator.swift */; };
		674CD3ED27DF1E6300834AA2 /* ActivityIndicatorFooterView.swift in Sources */ = {isa = PBXBuildFile; fileRef = 674CD3EC27DF1E6300834AA2 /* ActivityIndicatorFooterView.swift */; };
		674CD3F027DF21E300834AA2 /* ActivityIndicatorView.swift in Sources */ = {isa = PBXBuildFile; fileRef = 674CD3EF27DF21E300834AA2 /* ActivityIndicatorView.swift */; };
		674CD3F527DF233C00834AA2 /* ToastPresenter.swift in Sources */ = {isa = PBXBuildFile; fileRef = 674CD3F427DF233C00834AA2 /* ToastPresenter.swift */; };
		674CD3F727DF234E00834AA2 /* TostWarningView.swift in Sources */ = {isa = PBXBuildFile; fileRef = 674CD3F627DF234E00834AA2 /* TostWarningView.swift */; };
		674CD41D27E0595700834AA2 /* SegmentioOptions+Extensions.swift in Sources */ = {isa = PBXBuildFile; fileRef = 674CD41C27E0595700834AA2 /* SegmentioOptions+Extensions.swift */; };
		674CD43027E1B7D400834AA2 /* FavoritesCell.swift in Sources */ = {isa = PBXBuildFile; fileRef = 674CD42E27E1B7D400834AA2 /* FavoritesCell.swift */; };
		674CD43127E1B7D400834AA2 /* FavoritesCellModel.swift in Sources */ = {isa = PBXBuildFile; fileRef = 674CD42F27E1B7D400834AA2 /* FavoritesCellModel.swift */; };
		674CD47027E34F2600834AA2 /* FavoritesRecipeCellView.swift in Sources */ = {isa = PBXBuildFile; fileRef = 674CD46F27E34F2600834AA2 /* FavoritesRecipeCellView.swift */; };
		674CD47427E364A100834AA2 /* FavoritesRecipeCell.swift in Sources */ = {isa = PBXBuildFile; fileRef = 674CD47227E364A100834AA2 /* FavoritesRecipeCell.swift */; };
		674CD47527E364A100834AA2 /* FavoritesRecipeCellModel.swift in Sources */ = {isa = PBXBuildFile; fileRef = 674CD47327E364A100834AA2 /* FavoritesRecipeCellModel.swift */; };
		677BE9B327D8B58E0071F9AB /* WalkThroughCell.swift in Sources */ = {isa = PBXBuildFile; fileRef = 677BE9B127D8B58E0071F9AB /* WalkThroughCell.swift */; };
		677BE9B427D8B58E0071F9AB /* WalkThroughCellModel.swift in Sources */ = {isa = PBXBuildFile; fileRef = 677BE9B227D8B58E0071F9AB /* WalkThroughCellModel.swift */; };
		677BE9B727D8C3C10071F9AB /* ReusableView.swift in Sources */ = {isa = PBXBuildFile; fileRef = 677BE9B627D8C3C10071F9AB /* ReusableView.swift */; };
		677BE9BA27D8CB1C0071F9AB /* UICollectionView+Extensions.swift in Sources */ = {isa = PBXBuildFile; fileRef = 677BE9B927D8CB1C0071F9AB /* UICollectionView+Extensions.swift */; };
		677BE9C027D9600D0071F9AB /* AppButton.swift in Sources */ = {isa = PBXBuildFile; fileRef = 677BE9BF27D9600D0071F9AB /* AppButton.swift */; };
		677BE9CA27DA26AB0071F9AB /* UIImage+Extensions.swift in Sources */ = {isa = PBXBuildFile; fileRef = 677BE9C927DA26AB0071F9AB /* UIImage+Extensions.swift */; };
		677BE9D027DA63A50071F9AB /* AppTitleView.swift in Sources */ = {isa = PBXBuildFile; fileRef = 677BE9CF27DA63A50071F9AB /* AppTitleView.swift */; };
		67A0480A27D717FA007359A9 /* UIComponents.docc in Sources */ = {isa = PBXBuildFile; fileRef = 67A0480927D717FA007359A9 /* UIComponents.docc */; };
		67A0481027D717FA007359A9 /* UIComponents.framework in Frameworks */ = {isa = PBXBuildFile; fileRef = 67A0480527D717FA007359A9 /* UIComponents.framework */; };
		67A0481527D717FA007359A9 /* UIComponentsTests.swift in Sources */ = {isa = PBXBuildFile; fileRef = 67A0481427D717FA007359A9 /* UIComponentsTests.swift */; };
		67A0481627D717FA007359A9 /* UIComponents.h in Headers */ = {isa = PBXBuildFile; fileRef = 67A0480827D717FA007359A9 /* UIComponents.h */; settings = {ATTRIBUTES = (Public, ); }; };
		67A0487927D72044007359A9 /* swiftgen.yml in Resources */ = {isa = PBXBuildFile; fileRef = 67A0487827D72044007359A9 /* swiftgen.yml */; };
		67A0488527D72228007359A9 /* Images.xcassets in Resources */ = {isa = PBXBuildFile; fileRef = 67A0487E27D72228007359A9 /* Images.xcassets */; };
		67A0488627D72228007359A9 /* UIImage+Icons.swift in Sources */ = {isa = PBXBuildFile; fileRef = 67A0487F27D72228007359A9 /* UIImage+Icons.swift */; };
		67A0488727D72228007359A9 /* Icons.xcassets in Resources */ = {isa = PBXBuildFile; fileRef = 67A0488027D72228007359A9 /* Icons.xcassets */; };
		67A0488827D72228007359A9 /* Assets.swift in Sources */ = {isa = PBXBuildFile; fileRef = 67A0488127D72228007359A9 /* Assets.swift */; };
		67A0488927D72228007359A9 /* Colors.xcassets in Resources */ = {isa = PBXBuildFile; fileRef = 67A0488227D72228007359A9 /* Colors.xcassets */; };
		67A0488A27D72228007359A9 /* UIImage+Images.swift in Sources */ = {isa = PBXBuildFile; fileRef = 67A0488327D72228007359A9 /* UIImage+Images.swift */; };
		67A0488B27D72228007359A9 /* UIColor+Colors.swift in Sources */ = {isa = PBXBuildFile; fileRef = 67A0488427D72228007359A9 /* UIColor+Colors.swift */; };
		67A0489027D7224D007359A9 /* Fonts.swift in Sources */ = {isa = PBXBuildFile; fileRef = 67A0488C27D7224D007359A9 /* Fonts.swift */; };
		67A0489127D7224D007359A9 /* UIFont+Extensions.swift in Sources */ = {isa = PBXBuildFile; fileRef = 67A0488D27D7224D007359A9 /* UIFont+Extensions.swift */; };
		67A0489227D7224D007359A9 /* Nunito-SemiBold.ttf in Resources */ = {isa = PBXBuildFile; fileRef = 67A0488E27D7224D007359A9 /* Nunito-SemiBold.ttf */; };
		67A0489327D7224D007359A9 /* Nunito-Bold.ttf in Resources */ = {isa = PBXBuildFile; fileRef = 67A0488F27D7224D007359A9 /* Nunito-Bold.ttf */; };
		67A0489527D72360007359A9 /* Localizable.strings in Resources */ = {isa = PBXBuildFile; fileRef = 67A0489427D72360007359A9 /* Localizable.strings */; };
		67A0489727D72375007359A9 /* StringConstants.swift in Sources */ = {isa = PBXBuildFile; fileRef = 67A0489627D72375007359A9 /* StringConstants.swift */; };
		DE7B79E9A7537607DC308D06 /* Pods_UIComponents.framework in Frameworks */ = {isa = PBXBuildFile; fileRef = 03DC9D020801C6CDDF222072 /* Pods_UIComponents.framework */; };
/* End PBXBuildFile section */

/* Begin PBXContainerItemProxy section */
		67A0481127D717FA007359A9 /* PBXContainerItemProxy */ = {
			isa = PBXContainerItemProxy;
			containerPortal = 67A047FC27D717FA007359A9 /* Project object */;
			proxyType = 1;
			remoteGlobalIDString = 67A0480427D717FA007359A9;
			remoteInfo = UIComponents;
		};
/* End PBXContainerItemProxy section */

/* Begin PBXFileReference section */
		03DC9D020801C6CDDF222072 /* Pods_UIComponents.framework */ = {isa = PBXFileReference; explicitFileType = wrapper.framework; includeInIndex = 0; path = Pods_UIComponents.framework; sourceTree = BUILT_PRODUCTS_DIR; };
		0568BE39A6FC9EE3A6FFAC94 /* Pods-UIComponents.debug.xcconfig */ = {isa = PBXFileReference; includeInIndex = 1; lastKnownFileType = text.xcconfig; name = "Pods-UIComponents.debug.xcconfig"; path = "Target Support Files/Pods-UIComponents/Pods-UIComponents.debug.xcconfig"; sourceTree = "<group>"; };
		072944FE2015860D892F1083 /* Pods_UIComponentsTests.framework */ = {isa = PBXFileReference; explicitFileType = wrapper.framework; includeInIndex = 0; path = Pods_UIComponentsTests.framework; sourceTree = BUILT_PRODUCTS_DIR; };
		15180225E7CE21CFB9D7900B /* Pods-UIComponentsTests.debug.xcconfig */ = {isa = PBXFileReference; includeInIndex = 1; lastKnownFileType = text.xcconfig; name = "Pods-UIComponentsTests.debug.xcconfig"; path = "Target Support Files/Pods-UIComponentsTests/Pods-UIComponentsTests.debug.xcconfig"; sourceTree = "<group>"; };
		52290B6F82F5CAA541DEC62C /* Pods-UIComponentsTests.release.xcconfig */ = {isa = PBXFileReference; includeInIndex = 1; lastKnownFileType = text.xcconfig; name = "Pods-UIComponentsTests.release.xcconfig"; path = "Target Support Files/Pods-UIComponentsTests/Pods-UIComponentsTests.release.xcconfig"; sourceTree = "<group>"; };
		6734640C27E8662700F4487B /* PaddingLabel.swift */ = {isa = PBXFileReference; lastKnownFileType = sourcecode.swift; path = PaddingLabel.swift; sourceTree = "<group>"; };
		674CD3D927DEC7D700834AA2 /* RecipeCell.swift */ = {isa = PBXFileReference; lastKnownFileType = sourcecode.swift; path = RecipeCell.swift; sourceTree = "<group>"; };
		674CD3DA27DEC7D700834AA2 /* RecipeCellModel.swift */ = {isa = PBXFileReference; lastKnownFileType = sourcecode.swift; path = RecipeCellModel.swift; sourceTree = "<group>"; };
		674CD3DD27DECA1600834AA2 /* UIImageView+Extensions.swift */ = {isa = PBXFileReference; lastKnownFileType = sourcecode.swift; path = "UIImageView+Extensions.swift"; sourceTree = "<group>"; };
		674CD3DF27DF181200834AA2 /* UserView.swift */ = {isa = PBXFileReference; lastKnownFileType = sourcecode.swift; path = UserView.swift; sourceTree = "<group>"; };
		674CD3E227DF1D5E00834AA2 /* ActivityIndicatorProtocol.swift */ = {isa = PBXFileReference; lastKnownFileType = sourcecode.swift; path = ActivityIndicatorProtocol.swift; sourceTree = "<group>"; };
		674CD3E427DF1D7500834AA2 /* LoadingProtocol.swift */ = {isa = PBXFileReference; lastKnownFileType = sourcecode.swift; path = LoadingProtocol.swift; sourceTree = "<group>"; };
		674CD3E627DF1D8800834AA2 /* BlockingActivityIndicator.swift */ = {isa = PBXFileReference; lastKnownFileType = sourcecode.swift; path = BlockingActivityIndicator.swift; sourceTree = "<group>"; };
		674CD3EC27DF1E6300834AA2 /* ActivityIndicatorFooterView.swift */ = {isa = PBXFileReference; lastKnownFileType = sourcecode.swift; path = ActivityIndicatorFooterView.swift; sourceTree = "<group>"; };
		674CD3EF27DF21E300834AA2 /* ActivityIndicatorView.swift */ = {isa = PBXFileReference; lastKnownFileType = sourcecode.swift; path = ActivityIndicatorView.swift; sourceTree = "<group>"; };
		674CD3F427DF233C00834AA2 /* ToastPresenter.swift */ = {isa = PBXFileReference; lastKnownFileType = sourcecode.swift; path = ToastPresenter.swift; sourceTree = "<group>"; };
		674CD3F627DF234E00834AA2 /* TostWarningView.swift */ = {isa = PBXFileReference; lastKnownFileType = sourcecode.swift; path = TostWarningView.swift; sourceTree = "<group>"; };
		674CD41C27E0595700834AA2 /* SegmentioOptions+Extensions.swift */ = {isa = PBXFileReference; lastKnownFileType = sourcecode.swift; path = "SegmentioOptions+Extensions.swift"; sourceTree = "<group>"; };
		674CD42E27E1B7D400834AA2 /* FavoritesCell.swift */ = {isa = PBXFileReference; lastKnownFileType = sourcecode.swift; path = FavoritesCell.swift; sourceTree = "<group>"; };
		674CD42F27E1B7D400834AA2 /* FavoritesCellModel.swift */ = {isa = PBXFileReference; lastKnownFileType = sourcecode.swift; path = FavoritesCellModel.swift; sourceTree = "<group>"; };
		674CD46F27E34F2600834AA2 /* FavoritesRecipeCellView.swift */ = {isa = PBXFileReference; lastKnownFileType = sourcecode.swift; path = FavoritesRecipeCellView.swift; sourceTree = "<group>"; };
		674CD47227E364A100834AA2 /* FavoritesRecipeCell.swift */ = {isa = PBXFileReference; lastKnownFileType = sourcecode.swift; path = FavoritesRecipeCell.swift; sourceTree = "<group>"; };
		674CD47327E364A100834AA2 /* FavoritesRecipeCellModel.swift */ = {isa = PBXFileReference; lastKnownFileType = sourcecode.swift; path = FavoritesRecipeCellModel.swift; sourceTree = "<group>"; };
		677BE9B127D8B58E0071F9AB /* WalkThroughCell.swift */ = {isa = PBXFileReference; lastKnownFileType = sourcecode.swift; path = WalkThroughCell.swift; sourceTree = "<group>"; };
		677BE9B227D8B58E0071F9AB /* WalkThroughCellModel.swift */ = {isa = PBXFileReference; lastKnownFileType = sourcecode.swift; path = WalkThroughCellModel.swift; sourceTree = "<group>"; };
		677BE9B627D8C3C10071F9AB /* ReusableView.swift */ = {isa = PBXFileReference; lastKnownFileType = sourcecode.swift; path = ReusableView.swift; sourceTree = "<group>"; };
		677BE9B927D8CB1C0071F9AB /* UICollectionView+Extensions.swift */ = {isa = PBXFileReference; lastKnownFileType = sourcecode.swift; path = "UICollectionView+Extensions.swift"; sourceTree = "<group>"; };
		677BE9BF27D9600D0071F9AB /* AppButton.swift */ = {isa = PBXFileReference; lastKnownFileType = sourcecode.swift; path = AppButton.swift; sourceTree = "<group>"; };
		677BE9C927DA26AB0071F9AB /* UIImage+Extensions.swift */ = {isa = PBXFileReference; lastKnownFileType = sourcecode.swift; path = "UIImage+Extensions.swift"; sourceTree = "<group>"; };
		677BE9CB27DA2C910071F9AB /* Nunito-ExtraBold.ttf */ = {isa = PBXFileReference; lastKnownFileType = file; path = "Nunito-ExtraBold.ttf"; sourceTree = "<group>"; };
		677BE9CF27DA63A50071F9AB /* AppTitleView.swift */ = {isa = PBXFileReference; lastKnownFileType = sourcecode.swift; path = AppTitleView.swift; sourceTree = "<group>"; };
		67A0480527D717FA007359A9 /* UIComponents.framework */ = {isa = PBXFileReference; explicitFileType = wrapper.framework; includeInIndex = 0; path = UIComponents.framework; sourceTree = BUILT_PRODUCTS_DIR; };
		67A0480827D717FA007359A9 /* UIComponents.h */ = {isa = PBXFileReference; lastKnownFileType = sourcecode.c.h; path = UIComponents.h; sourceTree = "<group>"; };
		67A0480927D717FA007359A9 /* UIComponents.docc */ = {isa = PBXFileReference; lastKnownFileType = folder.documentationcatalog; path = UIComponents.docc; sourceTree = "<group>"; };
		67A0480F27D717FA007359A9 /* UIComponentsTests.xctest */ = {isa = PBXFileReference; explicitFileType = wrapper.cfbundle; includeInIndex = 0; path = UIComponentsTests.xctest; sourceTree = BUILT_PRODUCTS_DIR; };
		67A0481427D717FA007359A9 /* UIComponentsTests.swift */ = {isa = PBXFileReference; lastKnownFileType = sourcecode.swift; path = UIComponentsTests.swift; sourceTree = "<group>"; };
		67A0487827D72044007359A9 /* swiftgen.yml */ = {isa = PBXFileReference; fileEncoding = 4; lastKnownFileType = text.yaml; path = swiftgen.yml; sourceTree = "<group>"; };
		67A0487E27D72228007359A9 /* Images.xcassets */ = {isa = PBXFileReference; lastKnownFileType = folder.assetcatalog; path = Images.xcassets; sourceTree = "<group>"; };
		67A0487F27D72228007359A9 /* UIImage+Icons.swift */ = {isa = PBXFileReference; fileEncoding = 4; lastKnownFileType = sourcecode.swift; path = "UIImage+Icons.swift"; sourceTree = "<group>"; };
		67A0488027D72228007359A9 /* Icons.xcassets */ = {isa = PBXFileReference; lastKnownFileType = folder.assetcatalog; path = Icons.xcassets; sourceTree = "<group>"; };
		67A0488127D72228007359A9 /* Assets.swift */ = {isa = PBXFileReference; fileEncoding = 4; lastKnownFileType = sourcecode.swift; path = Assets.swift; sourceTree = "<group>"; };
		67A0488227D72228007359A9 /* Colors.xcassets */ = {isa = PBXFileReference; lastKnownFileType = folder.assetcatalog; path = Colors.xcassets; sourceTree = "<group>"; };
		67A0488327D72228007359A9 /* UIImage+Images.swift */ = {isa = PBXFileReference; fileEncoding = 4; lastKnownFileType = sourcecode.swift; path = "UIImage+Images.swift"; sourceTree = "<group>"; };
		67A0488427D72228007359A9 /* UIColor+Colors.swift */ = {isa = PBXFileReference; fileEncoding = 4; lastKnownFileType = sourcecode.swift; path = "UIColor+Colors.swift"; sourceTree = "<group>"; };
		67A0488C27D7224D007359A9 /* Fonts.swift */ = {isa = PBXFileReference; fileEncoding = 4; lastKnownFileType = sourcecode.swift; path = Fonts.swift; sourceTree = "<group>"; };
		67A0488D27D7224D007359A9 /* UIFont+Extensions.swift */ = {isa = PBXFileReference; fileEncoding = 4; lastKnownFileType = sourcecode.swift; path = "UIFont+Extensions.swift"; sourceTree = "<group>"; };
		67A0488E27D7224D007359A9 /* Nunito-SemiBold.ttf */ = {isa = PBXFileReference; lastKnownFileType = file; path = "Nunito-SemiBold.ttf"; sourceTree = "<group>"; };
		67A0488F27D7224D007359A9 /* Nunito-Bold.ttf */ = {isa = PBXFileReference; lastKnownFileType = file; path = "Nunito-Bold.ttf"; sourceTree = "<group>"; };
		67A0489427D72360007359A9 /* Localizable.strings */ = {isa = PBXFileReference; lastKnownFileType = text.plist.strings; path = Localizable.strings; sourceTree = "<group>"; };
		67A0489627D72375007359A9 /* StringConstants.swift */ = {isa = PBXFileReference; fileEncoding = 4; lastKnownFileType = sourcecode.swift; path = StringConstants.swift; sourceTree = "<group>"; };
		B8B3914E663AD727096E770F /* Pods-UIComponents.release.xcconfig */ = {isa = PBXFileReference; includeInIndex = 1; lastKnownFileType = text.xcconfig; name = "Pods-UIComponents.release.xcconfig"; path = "Target Support Files/Pods-UIComponents/Pods-UIComponents.release.xcconfig"; sourceTree = "<group>"; };
/* End PBXFileReference section */

/* Begin PBXFrameworksBuildPhase section */
		67A0480227D717FA007359A9 /* Frameworks */ = {
			isa = PBXFrameworksBuildPhase;
			buildActionMask = 2147483647;
			files = (
				DE7B79E9A7537607DC308D06 /* Pods_UIComponents.framework in Frameworks */,
			);
			runOnlyForDeploymentPostprocessing = 0;
		};
		67A0480C27D717FA007359A9 /* Frameworks */ = {
			isa = PBXFrameworksBuildPhase;
			buildActionMask = 2147483647;
			files = (
				67A0481027D717FA007359A9 /* UIComponents.framework in Frameworks */,
				43AFEEF86F463F87DBE39C2A /* Pods_UIComponentsTests.framework in Frameworks */,
			);
			runOnlyForDeploymentPostprocessing = 0;
		};
/* End PBXFrameworksBuildPhase section */

/* Begin PBXGroup section */
		1C729A303A8F95AB0D7DB959 /* Pods */ = {
			isa = PBXGroup;
			children = (
				0568BE39A6FC9EE3A6FFAC94 /* Pods-UIComponents.debug.xcconfig */,
				B8B3914E663AD727096E770F /* Pods-UIComponents.release.xcconfig */,
				15180225E7CE21CFB9D7900B /* Pods-UIComponentsTests.debug.xcconfig */,
				52290B6F82F5CAA541DEC62C /* Pods-UIComponentsTests.release.xcconfig */,
			);
			name = Pods;
			path = ../Pods;
			sourceTree = "<group>";
		};
		372BBD8C57B5B022DCA8A608 /* Frameworks */ = {
			isa = PBXGroup;
			children = (
				03DC9D020801C6CDDF222072 /* Pods_UIComponents.framework */,
				072944FE2015860D892F1083 /* Pods_UIComponentsTests.framework */,
			);
			name = Frameworks;
			sourceTree = "<group>";
		};
		6734640B27E8661100F4487B /* UILabel */ = {
			isa = PBXGroup;
			children = (
				6734640C27E8662700F4487B /* PaddingLabel.swift */,
			);
			path = UILabel;
			sourceTree = "<group>";
		};
		674CD3D827DEC7A200834AA2 /* RecipeCell */ = {
			isa = PBXGroup;
			children = (
				674CD3D927DEC7D700834AA2 /* RecipeCell.swift */,
				674CD3DA27DEC7D700834AA2 /* RecipeCellModel.swift */,
			);
			path = RecipeCell;
			sourceTree = "<group>";
		};
		674CD3E127DF1D5100834AA2 /* Loading */ = {
			isa = PBXGroup;
			children = (
				674CD3EB27DF1E5900834AA2 /* ActivityIndicatorFooterView */,
				674CD3E227DF1D5E00834AA2 /* ActivityIndicatorProtocol.swift */,
				674CD3E427DF1D7500834AA2 /* LoadingProtocol.swift */,
				674CD3E627DF1D8800834AA2 /* BlockingActivityIndicator.swift */,
			);
			path = Loading;
			sourceTree = "<group>";
		};
		674CD3EB27DF1E5900834AA2 /* ActivityIndicatorFooterView */ = {
			isa = PBXGroup;
			children = (
				674CD3EC27DF1E6300834AA2 /* ActivityIndicatorFooterView.swift */,
			);
			path = ActivityIndicatorFooterView;
			sourceTree = "<group>";
		};
		674CD3EE27DF21DA00834AA2 /* UIActivityIndicatorView */ = {
			isa = PBXGroup;
			children = (
				674CD3EF27DF21E300834AA2 /* ActivityIndicatorView.swift */,
			);
			path = UIActivityIndicatorView;
			sourceTree = "<group>";
		};
		674CD3F127DF231400834AA2 /* Toast */ = {
			isa = PBXGroup;
			children = (
				674CD3F427DF233C00834AA2 /* ToastPresenter.swift */,
				674CD3F627DF234E00834AA2 /* TostWarningView.swift */,
			);
			path = Toast;
			sourceTree = "<group>";
		};
		674CD42D27E1B7C200834AA2 /* FavoritesCell */ = {
			isa = PBXGroup;
			children = (
				674CD47127E3632B00834AA2 /* FavoritesRecipeCell */,
				674CD42E27E1B7D400834AA2 /* FavoritesCell.swift */,
				674CD42F27E1B7D400834AA2 /* FavoritesCellModel.swift */,
			);
			path = FavoritesCell;
			sourceTree = "<group>";
		};
		674CD47127E3632B00834AA2 /* FavoritesRecipeCell */ = {
			isa = PBXGroup;
			children = (
				674CD47227E364A100834AA2 /* FavoritesRecipeCell.swift */,
				674CD47327E364A100834AA2 /* FavoritesRecipeCellModel.swift */,
			);
			path = FavoritesRecipeCell;
			sourceTree = "<group>";
		};
		677BE9AF27D8B50A0071F9AB /* Cell */ = {
			isa = PBXGroup;
			children = (
				674CD42D27E1B7C200834AA2 /* FavoritesCell */,
				674CD3D827DEC7A200834AA2 /* RecipeCell */,
				677BE9B027D8B51A0071F9AB /* WalkThroughCell */,
			);
			path = Cell;
			sourceTree = "<group>";
		};
		677BE9B027D8B51A0071F9AB /* WalkThroughCell */ = {
			isa = PBXGroup;
			children = (
				677BE9B127D8B58E0071F9AB /* WalkThroughCell.swift */,
				677BE9B227D8B58E0071F9AB /* WalkThroughCellModel.swift */,
			);
			path = WalkThroughCell;
			sourceTree = "<group>";
		};
		677BE9B527D8C3740071F9AB /* Protocols */ = {
			isa = PBXGroup;
			children = (
				677BE9B627D8C3C10071F9AB /* ReusableView.swift */,
			);
			path = Protocols;
			sourceTree = "<group>";
		};
		677BE9B827D8CAFD0071F9AB /* Extensions */ = {
			isa = PBXGroup;
			children = (
				677BE9B927D8CB1C0071F9AB /* UICollectionView+Extensions.swift */,
				677BE9C927DA26AB0071F9AB /* UIImage+Extensions.swift */,
				674CD3DD27DECA1600834AA2 /* UIImageView+Extensions.swift */,
				674CD41C27E0595700834AA2 /* SegmentioOptions+Extensions.swift */,
			);
			path = Extensions;
			sourceTree = "<group>";
		};
		677BE9BE27D95FF80071F9AB /* UIButton */ = {
			isa = PBXGroup;
			children = (
				677BE9BF27D9600D0071F9AB /* AppButton.swift */,
			);
			path = UIButton;
			sourceTree = "<group>";
		};
		677BE9CE27DA63840071F9AB /* UIView */ = {
			isa = PBXGroup;
			children = (
				677BE9CF27DA63A50071F9AB /* AppTitleView.swift */,
				674CD3DF27DF181200834AA2 /* UserView.swift */,
				674CD46F27E34F2600834AA2 /* FavoritesRecipeCellView.swift */,
			);
			path = UIView;
			sourceTree = "<group>";
		};
		67A047FB27D717FA007359A9 = {
			isa = PBXGroup;
			children = (
				67A0487827D72044007359A9 /* swiftgen.yml */,
				67A0480727D717FA007359A9 /* UIComponents */,
				67A0481327D717FA007359A9 /* UIComponentsTests */,
				67A0480627D717FA007359A9 /* Products */,
				1C729A303A8F95AB0D7DB959 /* Pods */,
				372BBD8C57B5B022DCA8A608 /* Frameworks */,
			);
			sourceTree = "<group>";
		};
		67A0480627D717FA007359A9 /* Products */ = {
			isa = PBXGroup;
			children = (
				67A0480527D717FA007359A9 /* UIComponents.framework */,
				67A0480F27D717FA007359A9 /* UIComponentsTests.xctest */,
			);
			name = Products;
			sourceTree = "<group>";
		};
		67A0480727D717FA007359A9 /* UIComponents */ = {
			isa = PBXGroup;
			children = (
				674CD3F127DF231400834AA2 /* Toast */,
				6734640B27E8661100F4487B /* UILabel */,
				674CD3EE27DF21DA00834AA2 /* UIActivityIndicatorView */,
				674CD3E127DF1D5100834AA2 /* Loading */,
				677BE9CE27DA63840071F9AB /* UIView */,
				677BE9BE27D95FF80071F9AB /* UIButton */,
				677BE9B827D8CAFD0071F9AB /* Extensions */,
				677BE9B527D8C3740071F9AB /* Protocols */,
				677BE9AF27D8B50A0071F9AB /* Cell */,
				67A0487A27D7204C007359A9 /* Resources */,
				67A0480827D717FA007359A9 /* UIComponents.h */,
				67A0480927D717FA007359A9 /* UIComponents.docc */,
			);
			path = UIComponents;
			sourceTree = "<group>";
		};
		67A0481327D717FA007359A9 /* UIComponentsTests */ = {
			isa = PBXGroup;
			children = (
				67A0481427D717FA007359A9 /* UIComponentsTests.swift */,
			);
			path = UIComponentsTests;
			sourceTree = "<group>";
		};
		67A0487A27D7204C007359A9 /* Resources */ = {
			isa = PBXGroup;
			children = (
				67A0487D27D72062007359A9 /* Fonts */,
				67A0487C27D7205B007359A9 /* Strings */,
				67A0487B27D72054007359A9 /* Assets */,
			);
			path = Resources;
			sourceTree = "<group>";
		};
		67A0487B27D72054007359A9 /* Assets */ = {
			isa = PBXGroup;
			children = (
				67A0488127D72228007359A9 /* Assets.swift */,
				67A0488227D72228007359A9 /* Colors.xcassets */,
				67A0488027D72228007359A9 /* Icons.xcassets */,
				67A0487E27D72228007359A9 /* Images.xcassets */,
				67A0488427D72228007359A9 /* UIColor+Colors.swift */,
				67A0487F27D72228007359A9 /* UIImage+Icons.swift */,
				67A0488327D72228007359A9 /* UIImage+Images.swift */,
			);
			path = Assets;
			sourceTree = "<group>";
		};
		67A0487C27D7205B007359A9 /* Strings */ = {
			isa = PBXGroup;
			children = (
				67A0489627D72375007359A9 /* StringConstants.swift */,
				67A0489427D72360007359A9 /* Localizable.strings */,
			);
			path = Strings;
			sourceTree = "<group>";
		};
		67A0487D27D72062007359A9 /* Fonts */ = {
			isa = PBXGroup;
			children = (
				67A0488C27D7224D007359A9 /* Fonts.swift */,
				67A0488F27D7224D007359A9 /* Nunito-Bold.ttf */,
				67A0488E27D7224D007359A9 /* Nunito-SemiBold.ttf */,
				677BE9CB27DA2C910071F9AB /* Nunito-ExtraBold.ttf */,
				67A0488D27D7224D007359A9 /* UIFont+Extensions.swift */,
			);
			path = Fonts;
			sourceTree = "<group>";
		};
/* End PBXGroup section */

/* Begin PBXHeadersBuildPhase section */
		67A0480027D717FA007359A9 /* Headers */ = {
			isa = PBXHeadersBuildPhase;
			buildActionMask = 2147483647;
			files = (
				67A0481627D717FA007359A9 /* UIComponents.h in Headers */,
			);
			runOnlyForDeploymentPostprocessing = 0;
		};
/* End PBXHeadersBuildPhase section */

/* Begin PBXNativeTarget section */
		67A0480427D717FA007359A9 /* UIComponents */ = {
			isa = PBXNativeTarget;
			buildConfigurationList = 67A0481927D717FA007359A9 /* Build configuration list for PBXNativeTarget "UIComponents" */;
			buildPhases = (
				B407A427EDD2188FE9E97EA8 /* [CP] Check Pods Manifest.lock */,
				67A0487527D71FAF007359A9 /* Run SwiftLint */,
				67A0480027D717FA007359A9 /* Headers */,
				67A0480127D717FA007359A9 /* Sources */,
				67A0480227D717FA007359A9 /* Frameworks */,
				67A0480327D717FA007359A9 /* Resources */,
			);
			buildRules = (
			);
			dependencies = (
			);
			name = UIComponents;
			productName = UIComponents;
			productReference = 67A0480527D717FA007359A9 /* UIComponents.framework */;
			productType = "com.apple.product-type.framework";
		};
		67A0480E27D717FA007359A9 /* UIComponentsTests */ = {
			isa = PBXNativeTarget;
			buildConfigurationList = 67A0481C27D717FA007359A9 /* Build configuration list for PBXNativeTarget "UIComponentsTests" */;
			buildPhases = (
				D538CA5E0A7610018BEDF54B /* [CP] Check Pods Manifest.lock */,
				67A0480B27D717FA007359A9 /* Sources */,
				67A0480C27D717FA007359A9 /* Frameworks */,
				67A0480D27D717FA007359A9 /* Resources */,
			);
			buildRules = (
			);
			dependencies = (
				67A0481227D717FA007359A9 /* PBXTargetDependency */,
			);
			name = UIComponentsTests;
			productName = UIComponentsTests;
			productReference = 67A0480F27D717FA007359A9 /* UIComponentsTests.xctest */;
			productType = "com.apple.product-type.bundle.unit-test";
		};
/* End PBXNativeTarget section */

/* Begin PBXProject section */
		67A047FC27D717FA007359A9 /* Project object */ = {
			isa = PBXProject;
			attributes = {
				BuildIndependentTargetsInParallel = 1;
				LastSwiftUpdateCheck = 1320;
				LastUpgradeCheck = 1320;
				TargetAttributes = {
					67A0480427D717FA007359A9 = {
						CreatedOnToolsVersion = 13.2.1;
					};
					67A0480E27D717FA007359A9 = {
						CreatedOnToolsVersion = 13.2.1;
					};
				};
			};
			buildConfigurationList = 67A047FF27D717FA007359A9 /* Build configuration list for PBXProject "UIComponents" */;
			compatibilityVersion = "Xcode 13.0";
			developmentRegion = en;
			hasScannedForEncodings = 0;
			knownRegions = (
				en,
				Base,
			);
			mainGroup = 67A047FB27D717FA007359A9;
			productRefGroup = 67A0480627D717FA007359A9 /* Products */;
			projectDirPath = "";
			projectRoot = "";
			targets = (
				67A0480427D717FA007359A9 /* UIComponents */,
				67A0480E27D717FA007359A9 /* UIComponentsTests */,
			);
		};
/* End PBXProject section */

/* Begin PBXResourcesBuildPhase section */
		67A0480327D717FA007359A9 /* Resources */ = {
			isa = PBXResourcesBuildPhase;
			buildActionMask = 2147483647;
			files = (
				67A0487927D72044007359A9 /* swiftgen.yml in Resources */,
				67A0488927D72228007359A9 /* Colors.xcassets in Resources */,
				67A0488727D72228007359A9 /* Icons.xcassets in Resources */,
				67A0489527D72360007359A9 /* Localizable.strings in Resources */,
				67A0488527D72228007359A9 /* Images.xcassets in Resources */,
				67A0489327D7224D007359A9 /* Nunito-Bold.ttf in Resources */,
				67A0489227D7224D007359A9 /* Nunito-SemiBold.ttf in Resources */,
			);
			runOnlyForDeploymentPostprocessing = 0;
		};
		67A0480D27D717FA007359A9 /* Resources */ = {
			isa = PBXResourcesBuildPhase;
			buildActionMask = 2147483647;
			files = (
			);
			runOnlyForDeploymentPostprocessing = 0;
		};
/* End PBXResourcesBuildPhase section */

/* Begin PBXShellScriptBuildPhase section */
		67A0487527D71FAF007359A9 /* Run SwiftLint */ = {
			isa = PBXShellScriptBuildPhase;
			buildActionMask = 2147483647;
			files = (
			);
			inputFileListPaths = (
			);
			inputPaths = (
			);
			name = "Run SwiftLint";
			outputFileListPaths = (
			);
			outputPaths = (
			);
			runOnlyForDeploymentPostprocessing = 0;
			shellPath = /bin/sh;
			shellScript = "if [[ -f \"${PODS_ROOT}/SwiftGen/bin/swiftgen\" ]]; then\n  \"${PODS_ROOT}/SwiftGen/bin/swiftgen\"\nelse\n  echo \"warning: SwiftGen is not installed. Run 'pod install --repo-update' to install it.\"\nfi\n";
		};
		B407A427EDD2188FE9E97EA8 /* [CP] Check Pods Manifest.lock */ = {
			isa = PBXShellScriptBuildPhase;
			buildActionMask = 2147483647;
			files = (
			);
			inputFileListPaths = (
			);
			inputPaths = (
				"${PODS_PODFILE_DIR_PATH}/Podfile.lock",
				"${PODS_ROOT}/Manifest.lock",
			);
			name = "[CP] Check Pods Manifest.lock";
			outputFileListPaths = (
			);
			outputPaths = (
				"$(DERIVED_FILE_DIR)/Pods-UIComponents-checkManifestLockResult.txt",
			);
			runOnlyForDeploymentPostprocessing = 0;
			shellPath = /bin/sh;
			shellScript = "diff \"${PODS_PODFILE_DIR_PATH}/Podfile.lock\" \"${PODS_ROOT}/Manifest.lock\" > /dev/null\nif [ $? != 0 ] ; then\n    # print error to STDERR\n    echo \"error: The sandbox is not in sync with the Podfile.lock. Run 'pod install' or update your CocoaPods installation.\" >&2\n    exit 1\nfi\n# This output is used by Xcode 'outputs' to avoid re-running this script phase.\necho \"SUCCESS\" > \"${SCRIPT_OUTPUT_FILE_0}\"\n";
			showEnvVarsInLog = 0;
		};
		D538CA5E0A7610018BEDF54B /* [CP] Check Pods Manifest.lock */ = {
			isa = PBXShellScriptBuildPhase;
			buildActionMask = 2147483647;
			files = (
			);
			inputFileListPaths = (
			);
			inputPaths = (
				"${PODS_PODFILE_DIR_PATH}/Podfile.lock",
				"${PODS_ROOT}/Manifest.lock",
			);
			name = "[CP] Check Pods Manifest.lock";
			outputFileListPaths = (
			);
			outputPaths = (
				"$(DERIVED_FILE_DIR)/Pods-UIComponentsTests-checkManifestLockResult.txt",
			);
			runOnlyForDeploymentPostprocessing = 0;
			shellPath = /bin/sh;
			shellScript = "diff \"${PODS_PODFILE_DIR_PATH}/Podfile.lock\" \"${PODS_ROOT}/Manifest.lock\" > /dev/null\nif [ $? != 0 ] ; then\n    # print error to STDERR\n    echo \"error: The sandbox is not in sync with the Podfile.lock. Run 'pod install' or update your CocoaPods installation.\" >&2\n    exit 1\nfi\n# This output is used by Xcode 'outputs' to avoid re-running this script phase.\necho \"SUCCESS\" > \"${SCRIPT_OUTPUT_FILE_0}\"\n";
			showEnvVarsInLog = 0;
		};
/* End PBXShellScriptBuildPhase section */

/* Begin PBXSourcesBuildPhase section */
		67A0480127D717FA007359A9 /* Sources */ = {
			isa = PBXSourcesBuildPhase;
			buildActionMask = 2147483647;
			files = (
				674CD3DC27DEC7D700834AA2 /* RecipeCellModel.swift in Sources */,
				674CD43027E1B7D400834AA2 /* FavoritesCell.swift in Sources */,
				677BE9D027DA63A50071F9AB /* AppTitleView.swift in Sources */,
				674CD3ED27DF1E6300834AA2 /* ActivityIndicatorFooterView.swift in Sources */,
				674CD3F727DF234E00834AA2 /* TostWarningView.swift in Sources */,
				674CD3F027DF21E300834AA2 /* ActivityIndicatorView.swift in Sources */,
				67A0488627D72228007359A9 /* UIImage+Icons.swift in Sources */,
				674CD3E027DF181200834AA2 /* UserView.swift in Sources */,
				67A0488A27D72228007359A9 /* UIImage+Images.swift in Sources */,
				674CD3DB27DEC7D700834AA2 /* RecipeCell.swift in Sources */,
				677BE9B427D8B58E0071F9AB /* WalkThroughCellModel.swift in Sources */,
				674CD3F527DF233C00834AA2 /* ToastPresenter.swift in Sources */,
				674CD47427E364A100834AA2 /* FavoritesRecipeCell.swift in Sources */,
				677BE9CA27DA26AB0071F9AB /* UIImage+Extensions.swift in Sources */,
				67A0488B27D72228007359A9 /* UIColor+Colors.swift in Sources */,
				677BE9B727D8C3C10071F9AB /* ReusableView.swift in Sources */,
				677BE9C027D9600D0071F9AB /* AppButton.swift in Sources */,
				67A0480A27D717FA007359A9 /* UIComponents.docc in Sources */,
				677BE9B327D8B58E0071F9AB /* WalkThroughCell.swift in Sources */,
				674CD41D27E0595700834AA2 /* SegmentioOptions+Extensions.swift in Sources */,
				674CD3DE27DECA1600834AA2 /* UIImageView+Extensions.swift in Sources */,
				6734640D27E8662700F4487B /* PaddingLabel.swift in Sources */,
				674CD47527E364A100834AA2 /* FavoritesRecipeCellModel.swift in Sources */,
				674CD3E327DF1D5E00834AA2 /* ActivityIndicatorProtocol.swift in Sources */,
				674CD47027E34F2600834AA2 /* FavoritesRecipeCellView.swift in Sources */,
				674CD3E727DF1D8800834AA2 /* BlockingActivityIndicator.swift in Sources */,
				674CD43127E1B7D400834AA2 /* FavoritesCellModel.swift in Sources */,
				67A0489727D72375007359A9 /* StringConstants.swift in Sources */,
				677BE9BA27D8CB1C0071F9AB /* UICollectionView+Extensions.swift in Sources */,
				67A0489027D7224D007359A9 /* Fonts.swift in Sources */,
				67A0488827D72228007359A9 /* Assets.swift in Sources */,
				674CD3E527DF1D7500834AA2 /* LoadingProtocol.swift in Sources */,
				67A0489127D7224D007359A9 /* UIFont+Extensions.swift in Sources */,
			);
			runOnlyForDeploymentPostprocessing = 0;
		};
		67A0480B27D717FA007359A9 /* Sources */ = {
			isa = PBXSourcesBuildPhase;
			buildActionMask = 2147483647;
			files = (
				67A0481527D717FA007359A9 /* UIComponentsTests.swift in Sources */,
			);
			runOnlyForDeploymentPostprocessing = 0;
		};
/* End PBXSourcesBuildPhase section */

/* Begin PBXTargetDependency section */
		67A0481227D717FA007359A9 /* PBXTargetDependency */ = {
			isa = PBXTargetDependency;
			target = 67A0480427D717FA007359A9 /* UIComponents */;
			targetProxy = 67A0481127D717FA007359A9 /* PBXContainerItemProxy */;
		};
/* End PBXTargetDependency section */

/* Begin XCBuildConfiguration section */
		67A0481727D717FA007359A9 /* Debug */ = {
			isa = XCBuildConfiguration;
			buildSettings = {
				ALWAYS_SEARCH_USER_PATHS = NO;
				CLANG_ANALYZER_NONNULL = YES;
				CLANG_ANALYZER_NUMBER_OBJECT_CONVERSION = YES_AGGRESSIVE;
				CLANG_CXX_LANGUAGE_STANDARD = "gnu++17";
				CLANG_CXX_LIBRARY = "libc++";
				CLANG_ENABLE_MODULES = YES;
				CLANG_ENABLE_OBJC_ARC = YES;
				CLANG_ENABLE_OBJC_WEAK = YES;
				CLANG_WARN_BLOCK_CAPTURE_AUTORELEASING = YES;
				CLANG_WARN_BOOL_CONVERSION = YES;
				CLANG_WARN_COMMA = YES;
				CLANG_WARN_CONSTANT_CONVERSION = YES;
				CLANG_WARN_DEPRECATED_OBJC_IMPLEMENTATIONS = YES;
				CLANG_WARN_DIRECT_OBJC_ISA_USAGE = YES_ERROR;
				CLANG_WARN_DOCUMENTATION_COMMENTS = YES;
				CLANG_WARN_EMPTY_BODY = YES;
				CLANG_WARN_ENUM_CONVERSION = YES;
				CLANG_WARN_INFINITE_RECURSION = YES;
				CLANG_WARN_INT_CONVERSION = YES;
				CLANG_WARN_NON_LITERAL_NULL_CONVERSION = YES;
				CLANG_WARN_OBJC_IMPLICIT_RETAIN_SELF = YES;
				CLANG_WARN_OBJC_LITERAL_CONVERSION = YES;
				CLANG_WARN_OBJC_ROOT_CLASS = YES_ERROR;
				CLANG_WARN_QUOTED_INCLUDE_IN_FRAMEWORK_HEADER = YES;
				CLANG_WARN_RANGE_LOOP_ANALYSIS = YES;
				CLANG_WARN_STRICT_PROTOTYPES = YES;
				CLANG_WARN_SUSPICIOUS_MOVE = YES;
				CLANG_WARN_UNGUARDED_AVAILABILITY = YES_AGGRESSIVE;
				CLANG_WARN_UNREACHABLE_CODE = YES;
				CLANG_WARN__DUPLICATE_METHOD_MATCH = YES;
				COPY_PHASE_STRIP = NO;
				CURRENT_PROJECT_VERSION = 1;
				DEBUG_INFORMATION_FORMAT = dwarf;
				ENABLE_STRICT_OBJC_MSGSEND = YES;
				ENABLE_TESTABILITY = YES;
				"EXCLUDED_ARCHS[sdk=iphonesimulator*]" = arm64;
				GCC_C_LANGUAGE_STANDARD = gnu11;
				GCC_DYNAMIC_NO_PIC = NO;
				GCC_NO_COMMON_BLOCKS = YES;
				GCC_OPTIMIZATION_LEVEL = 0;
				GCC_PREPROCESSOR_DEFINITIONS = (
					"DEBUG=1",
					"$(inherited)",
				);
				GCC_WARN_64_TO_32_BIT_CONVERSION = YES;
				GCC_WARN_ABOUT_RETURN_TYPE = YES_ERROR;
				GCC_WARN_UNDECLARED_SELECTOR = YES;
				GCC_WARN_UNINITIALIZED_AUTOS = YES_AGGRESSIVE;
				GCC_WARN_UNUSED_FUNCTION = YES;
				GCC_WARN_UNUSED_VARIABLE = YES;
				IPHONEOS_DEPLOYMENT_TARGET = 11.0;
				MTL_ENABLE_DEBUG_INFO = INCLUDE_SOURCE;
				MTL_FAST_MATH = YES;
				ONLY_ACTIVE_ARCH = YES;
				SDKROOT = iphoneos;
				SWIFT_ACTIVE_COMPILATION_CONDITIONS = DEBUG;
				SWIFT_OPTIMIZATION_LEVEL = "-Onone";
				VERSIONING_SYSTEM = "apple-generic";
				VERSION_INFO_PREFIX = "";
			};
			name = Debug;
		};
		67A0481827D717FA007359A9 /* Release */ = {
			isa = XCBuildConfiguration;
			buildSettings = {
				ALWAYS_SEARCH_USER_PATHS = NO;
				CLANG_ANALYZER_NONNULL = YES;
				CLANG_ANALYZER_NUMBER_OBJECT_CONVERSION = YES_AGGRESSIVE;
				CLANG_CXX_LANGUAGE_STANDARD = "gnu++17";
				CLANG_CXX_LIBRARY = "libc++";
				CLANG_ENABLE_MODULES = YES;
				CLANG_ENABLE_OBJC_ARC = YES;
				CLANG_ENABLE_OBJC_WEAK = YES;
				CLANG_WARN_BLOCK_CAPTURE_AUTORELEASING = YES;
				CLANG_WARN_BOOL_CONVERSION = YES;
				CLANG_WARN_COMMA = YES;
				CLANG_WARN_CONSTANT_CONVERSION = YES;
				CLANG_WARN_DEPRECATED_OBJC_IMPLEMENTATIONS = YES;
				CLANG_WARN_DIRECT_OBJC_ISA_USAGE = YES_ERROR;
				CLANG_WARN_DOCUMENTATION_COMMENTS = YES;
				CLANG_WARN_EMPTY_BODY = YES;
				CLANG_WARN_ENUM_CONVERSION = YES;
				CLANG_WARN_INFINITE_RECURSION = YES;
				CLANG_WARN_INT_CONVERSION = YES;
				CLANG_WARN_NON_LITERAL_NULL_CONVERSION = YES;
				CLANG_WARN_OBJC_IMPLICIT_RETAIN_SELF = YES;
				CLANG_WARN_OBJC_LITERAL_CONVERSION = YES;
				CLANG_WARN_OBJC_ROOT_CLASS = YES_ERROR;
				CLANG_WARN_QUOTED_INCLUDE_IN_FRAMEWORK_HEADER = YES;
				CLANG_WARN_RANGE_LOOP_ANALYSIS = YES;
				CLANG_WARN_STRICT_PROTOTYPES = YES;
				CLANG_WARN_SUSPICIOUS_MOVE = YES;
				CLANG_WARN_UNGUARDED_AVAILABILITY = YES_AGGRESSIVE;
				CLANG_WARN_UNREACHABLE_CODE = YES;
				CLANG_WARN__DUPLICATE_METHOD_MATCH = YES;
				COPY_PHASE_STRIP = NO;
				CURRENT_PROJECT_VERSION = 1;
				DEBUG_INFORMATION_FORMAT = "dwarf-with-dsym";
				ENABLE_NS_ASSERTIONS = NO;
				ENABLE_STRICT_OBJC_MSGSEND = YES;
				"EXCLUDED_ARCHS[sdk=iphonesimulator*]" = arm64;
				GCC_C_LANGUAGE_STANDARD = gnu11;
				GCC_NO_COMMON_BLOCKS = YES;
				GCC_WARN_64_TO_32_BIT_CONVERSION = YES;
				GCC_WARN_ABOUT_RETURN_TYPE = YES_ERROR;
				GCC_WARN_UNDECLARED_SELECTOR = YES;
				GCC_WARN_UNINITIALIZED_AUTOS = YES_AGGRESSIVE;
				GCC_WARN_UNUSED_FUNCTION = YES;
				GCC_WARN_UNUSED_VARIABLE = YES;
				IPHONEOS_DEPLOYMENT_TARGET = 11.0;
				MTL_ENABLE_DEBUG_INFO = NO;
				MTL_FAST_MATH = YES;
				ONLY_ACTIVE_ARCH = YES;
				SDKROOT = iphoneos;
				SWIFT_COMPILATION_MODE = wholemodule;
				SWIFT_OPTIMIZATION_LEVEL = "-O";
				VALIDATE_PRODUCT = YES;
				VERSIONING_SYSTEM = "apple-generic";
				VERSION_INFO_PREFIX = "";
			};
			name = Release;
		};
		67A0481A27D717FA007359A9 /* Debug */ = {
			isa = XCBuildConfiguration;
			baseConfigurationReference = 0568BE39A6FC9EE3A6FFAC94 /* Pods-UIComponents.debug.xcconfig */;
			buildSettings = {
				CODE_SIGN_STYLE = Automatic;
				CURRENT_PROJECT_VERSION = 1;
				DEFINES_MODULE = YES;
				DEVELOPMENT_TEAM = BNK334U5U9;
				DYLIB_COMPATIBILITY_VERSION = 1;
				DYLIB_CURRENT_VERSION = 1;
				DYLIB_INSTALL_NAME_BASE = "@rpath";
				GENERATE_INFOPLIST_FILE = YES;
				INFOPLIST_KEY_NSHumanReadableCopyright = "";
				INSTALL_PATH = "$(LOCAL_LIBRARY_DIR)/Frameworks";
				LD_RUNPATH_SEARCH_PATHS = (
					"$(inherited)",
					"@executable_path/Frameworks",
					"@loader_path/Frameworks",
				);
				MARKETING_VERSION = 1.0;
				PRODUCT_BUNDLE_IDENTIFIER = com.mehmetsalihcelik.UIComponents;
				PRODUCT_NAME = "$(TARGET_NAME:c99extidentifier)";
				SKIP_INSTALL = YES;
				SWIFT_EMIT_LOC_STRINGS = YES;
				SWIFT_VERSION = 5.0;
				TARGETED_DEVICE_FAMILY = "1,2";
			};
			name = Debug;
		};
		67A0481B27D717FA007359A9 /* Release */ = {
			isa = XCBuildConfiguration;
			baseConfigurationReference = B8B3914E663AD727096E770F /* Pods-UIComponents.release.xcconfig */;
			buildSettings = {
				CODE_SIGN_STYLE = Automatic;
				CURRENT_PROJECT_VERSION = 1;
				DEFINES_MODULE = YES;
				DEVELOPMENT_TEAM = BNK334U5U9;
				DYLIB_COMPATIBILITY_VERSION = 1;
				DYLIB_CURRENT_VERSION = 1;
				DYLIB_INSTALL_NAME_BASE = "@rpath";
				GENERATE_INFOPLIST_FILE = YES;
				INFOPLIST_KEY_NSHumanReadableCopyright = "";
				INSTALL_PATH = "$(LOCAL_LIBRARY_DIR)/Frameworks";
				LD_RUNPATH_SEARCH_PATHS = (
					"$(inherited)",
					"@executable_path/Frameworks",
					"@loader_path/Frameworks",
				);
				MARKETING_VERSION = 1.0;
				PRODUCT_BUNDLE_IDENTIFIER = com.mehmetsalihcelik.UIComponents;
				PRODUCT_NAME = "$(TARGET_NAME:c99extidentifier)";
				SKIP_INSTALL = YES;
				SWIFT_EMIT_LOC_STRINGS = YES;
				SWIFT_VERSION = 5.0;
				TARGETED_DEVICE_FAMILY = "1,2";
			};
			name = Release;
		};
		67A0481D27D717FA007359A9 /* Debug */ = {
			isa = XCBuildConfiguration;
			baseConfigurationReference = 15180225E7CE21CFB9D7900B /* Pods-UIComponentsTests.debug.xcconfig */;
			buildSettings = {
				ALWAYS_EMBED_SWIFT_STANDARD_LIBRARIES = YES;
				CODE_SIGN_STYLE = Automatic;
				CURRENT_PROJECT_VERSION = 1;
				DEVELOPMENT_TEAM = BNK334U5U9;
				GENERATE_INFOPLIST_FILE = YES;
				MARKETING_VERSION = 1.0;
				PRODUCT_BUNDLE_IDENTIFIER = com.mehmetsalihcelik.UIComponentsTests;
				PRODUCT_NAME = "$(TARGET_NAME)";
				SWIFT_EMIT_LOC_STRINGS = NO;
				SWIFT_VERSION = 5.0;
				TARGETED_DEVICE_FAMILY = "1,2";
			};
			name = Debug;
		};
		67A0481E27D717FA007359A9 /* Release */ = {
			isa = XCBuildConfiguration;
			baseConfigurationReference = 52290B6F82F5CAA541DEC62C /* Pods-UIComponentsTests.release.xcconfig */;
			buildSettings = {
				ALWAYS_EMBED_SWIFT_STANDARD_LIBRARIES = YES;
				CODE_SIGN_STYLE = Automatic;
				CURRENT_PROJECT_VERSION = 1;
				DEVELOPMENT_TEAM = BNK334U5U9;
				GENERATE_INFOPLIST_FILE = YES;
				MARKETING_VERSION = 1.0;
				PRODUCT_BUNDLE_IDENTIFIER = com.mehmetsalihcelik.UIComponentsTests;
				PRODUCT_NAME = "$(TARGET_NAME)";
				SWIFT_EMIT_LOC_STRINGS = NO;
				SWIFT_VERSION = 5.0;
				TARGETED_DEVICE_FAMILY = "1,2";
			};
			name = Release;
		};
/* End XCBuildConfiguration section */

/* Begin XCConfigurationList section */
		67A047FF27D717FA007359A9 /* Build configuration list for PBXProject "UIComponents" */ = {
			isa = XCConfigurationList;
			buildConfigurations = (
				67A0481727D717FA007359A9 /* Debug */,
				67A0481827D717FA007359A9 /* Release */,
			);
			defaultConfigurationIsVisible = 0;
			defaultConfigurationName = Release;
		};
		67A0481927D717FA007359A9 /* Build configuration list for PBXNativeTarget "UIComponents" */ = {
			isa = XCConfigurationList;
			buildConfigurations = (
				67A0481A27D717FA007359A9 /* Debug */,
				67A0481B27D717FA007359A9 /* Release */,
			);
			defaultConfigurationIsVisible = 0;
			defaultConfigurationName = Release;
		};
		67A0481C27D717FA007359A9 /* Build configuration list for PBXNativeTarget "UIComponentsTests" */ = {
			isa = XCConfigurationList;
			buildConfigurations = (
				67A0481D27D717FA007359A9 /* Debug */,
				67A0481E27D717FA007359A9 /* Release */,
			);
			defaultConfigurationIsVisible = 0;
			defaultConfigurationName = Release;
		};
/* End XCConfigurationList section */
	};
	rootObject = 67A047FC27D717FA007359A9 /* Project object */;
}
